// !$*UTF8*$!
{
	archiveVersion = 1;
	classes = {
	};
	objectVersion = 50;
	objects = {

/* Begin PBXBuildFile section */
		A45BADF925DC2C6B00F51D5E /* AppDelegate.swift in Sources */ = {isa = PBXBuildFile; fileRef = A45BADF825DC2C6B00F51D5E /* AppDelegate.swift */; };
		A45BADFB25DC2C6B00F51D5E /* SceneDelegate.swift in Sources */ = {isa = PBXBuildFile; fileRef = A45BADFA25DC2C6B00F51D5E /* SceneDelegate.swift */; };
		A45BADFD25DC2C6B00F51D5E /* ViewController.swift in Sources */ = {isa = PBXBuildFile; fileRef = A45BADFC25DC2C6B00F51D5E /* ViewController.swift */; };
		A45BAE0025DC2C6B00F51D5E /* Main.storyboard in Resources */ = {isa = PBXBuildFile; fileRef = A45BADFE25DC2C6B00F51D5E /* Main.storyboard */; };
		A45BAE0225DC2C6D00F51D5E /* Assets.xcassets in Resources */ = {isa = PBXBuildFile; fileRef = A45BAE0125DC2C6D00F51D5E /* Assets.xcassets */; };
		A45BAE0525DC2C6D00F51D5E /* LaunchScreen.storyboard in Resources */ = {isa = PBXBuildFile; fileRef = A45BAE0325DC2C6D00F51D5E /* LaunchScreen.storyboard */; };
		A45BAE1025DC2C6D00F51D5E /* EMSTrainerAppTests.swift in Sources */ = {isa = PBXBuildFile; fileRef = A45BAE0F25DC2C6D00F51D5E /* EMSTrainerAppTests.swift */; };
		A45BAE1B25DC2C6D00F51D5E /* EMSTrainerAppUITests.swift in Sources */ = {isa = PBXBuildFile; fileRef = A45BAE1A25DC2C6D00F51D5E /* EMSTrainerAppUITests.swift */; };
		A45BAE3925DC2DB600F51D5E /* Api.swift in Sources */ = {isa = PBXBuildFile; fileRef = A45BAE3825DC2DB600F51D5E /* Api.swift */; };
		A45BAE4125DC35F400F51D5E /* NetworkRequest.swift in Sources */ = {isa = PBXBuildFile; fileRef = A45BAE4025DC35F400F51D5E /* NetworkRequest.swift */; };
		A45BAE4725DC3DF600F51D5E /* ApiRequest.swift in Sources */ = {isa = PBXBuildFile; fileRef = A45BAE4625DC3DF600F51D5E /* ApiRequest.swift */; };
		A45BAE4C25DC3E1B00F51D5E /* ApiResource.swift in Sources */ = {isa = PBXBuildFile; fileRef = A45BAE4B25DC3E1B00F51D5E /* ApiResource.swift */; };
		A45BAE5125DC3F4900F51D5E /* ApiResponse.swift in Sources */ = {isa = PBXBuildFile; fileRef = A45BAE5025DC3F4900F51D5E /* ApiResponse.swift */; };
		A4A495A825DC50E800636B66 /* User.swift in Sources */ = {isa = PBXBuildFile; fileRef = A4A495A725DC50E800636B66 /* User.swift */; };
		A4A495BF25DC71C400636B66 /* MeResource.swift in Sources */ = {isa = PBXBuildFile; fileRef = A4A495BE25DC71C400636B66 /* MeResource.swift */; };
		A4A495C425DC71D300636B66 /* UserResponse.swift in Sources */ = {isa = PBXBuildFile; fileRef = A4A495C325DC71D300636B66 /* UserResponse.swift */; };
		A4FCAEB225DC8AE000C9849C /* LoginData.swift in Sources */ = {isa = PBXBuildFile; fileRef = A4FCAEB125DC8AE000C9849C /* LoginData.swift */; };
		A4FCAEB925DC8B4500C9849C /* LoginResource.swift in Sources */ = {isa = PBXBuildFile; fileRef = A4FCAEB825DC8B4500C9849C /* LoginResource.swift */; };
/* End PBXBuildFile section */

/* Begin PBXContainerItemProxy section */
		A45BAE0C25DC2C6D00F51D5E /* PBXContainerItemProxy */ = {
			isa = PBXContainerItemProxy;
			containerPortal = A45BADED25DC2C6B00F51D5E /* Project object */;
			proxyType = 1;
			remoteGlobalIDString = A45BADF425DC2C6B00F51D5E;
			remoteInfo = EMSTrainerApp;
		};
		A45BAE1725DC2C6D00F51D5E /* PBXContainerItemProxy */ = {
			isa = PBXContainerItemProxy;
			containerPortal = A45BADED25DC2C6B00F51D5E /* Project object */;
			proxyType = 1;
			remoteGlobalIDString = A45BADF425DC2C6B00F51D5E;
			remoteInfo = EMSTrainerApp;
		};
/* End PBXContainerItemProxy section */

/* Begin PBXFileReference section */
		A45BADF525DC2C6B00F51D5E /* EMSTrainerApp.app */ = {isa = PBXFileReference; explicitFileType = wrapper.application; includeInIndex = 0; path = EMSTrainerApp.app; sourceTree = BUILT_PRODUCTS_DIR; };
		A45BADF825DC2C6B00F51D5E /* AppDelegate.swift */ = {isa = PBXFileReference; lastKnownFileType = sourcecode.swift; path = AppDelegate.swift; sourceTree = "<group>"; };
		A45BADFA25DC2C6B00F51D5E /* SceneDelegate.swift */ = {isa = PBXFileReference; lastKnownFileType = sourcecode.swift; path = SceneDelegate.swift; sourceTree = "<group>"; };
		A45BADFC25DC2C6B00F51D5E /* ViewController.swift */ = {isa = PBXFileReference; lastKnownFileType = sourcecode.swift; path = ViewController.swift; sourceTree = "<group>"; };
		A45BADFF25DC2C6B00F51D5E /* Base */ = {isa = PBXFileReference; lastKnownFileType = file.storyboard; name = Base; path = Base.lproj/Main.storyboard; sourceTree = "<group>"; };
		A45BAE0125DC2C6D00F51D5E /* Assets.xcassets */ = {isa = PBXFileReference; lastKnownFileType = folder.assetcatalog; path = Assets.xcassets; sourceTree = "<group>"; };
		A45BAE0425DC2C6D00F51D5E /* Base */ = {isa = PBXFileReference; lastKnownFileType = file.storyboard; name = Base; path = Base.lproj/LaunchScreen.storyboard; sourceTree = "<group>"; };
		A45BAE0625DC2C6D00F51D5E /* Info.plist */ = {isa = PBXFileReference; lastKnownFileType = text.plist.xml; path = Info.plist; sourceTree = "<group>"; };
		A45BAE0B25DC2C6D00F51D5E /* EMSTrainerAppTests.xctest */ = {isa = PBXFileReference; explicitFileType = wrapper.cfbundle; includeInIndex = 0; path = EMSTrainerAppTests.xctest; sourceTree = BUILT_PRODUCTS_DIR; };
		A45BAE0F25DC2C6D00F51D5E /* EMSTrainerAppTests.swift */ = {isa = PBXFileReference; lastKnownFileType = sourcecode.swift; path = EMSTrainerAppTests.swift; sourceTree = "<group>"; };
		A45BAE1125DC2C6D00F51D5E /* Info.plist */ = {isa = PBXFileReference; lastKnownFileType = text.plist.xml; path = Info.plist; sourceTree = "<group>"; };
		A45BAE1625DC2C6D00F51D5E /* EMSTrainerAppUITests.xctest */ = {isa = PBXFileReference; explicitFileType = wrapper.cfbundle; includeInIndex = 0; path = EMSTrainerAppUITests.xctest; sourceTree = BUILT_PRODUCTS_DIR; };
		A45BAE1A25DC2C6D00F51D5E /* EMSTrainerAppUITests.swift */ = {isa = PBXFileReference; lastKnownFileType = sourcecode.swift; path = EMSTrainerAppUITests.swift; sourceTree = "<group>"; };
		A45BAE1C25DC2C6D00F51D5E /* Info.plist */ = {isa = PBXFileReference; lastKnownFileType = text.plist.xml; path = Info.plist; sourceTree = "<group>"; };
		A45BAE3825DC2DB600F51D5E /* Api.swift */ = {isa = PBXFileReference; lastKnownFileType = sourcecode.swift; path = Api.swift; sourceTree = "<group>"; };
		A45BAE4025DC35F400F51D5E /* NetworkRequest.swift */ = {isa = PBXFileReference; lastKnownFileType = sourcecode.swift; path = NetworkRequest.swift; sourceTree = "<group>"; };
		A45BAE4625DC3DF600F51D5E /* ApiRequest.swift */ = {isa = PBXFileReference; lastKnownFileType = sourcecode.swift; path = ApiRequest.swift; sourceTree = "<group>"; };
		A45BAE4B25DC3E1B00F51D5E /* ApiResource.swift */ = {isa = PBXFileReference; lastKnownFileType = sourcecode.swift; path = ApiResource.swift; sourceTree = "<group>"; };
		A45BAE5025DC3F4900F51D5E /* ApiResponse.swift */ = {isa = PBXFileReference; lastKnownFileType = sourcecode.swift; path = ApiResponse.swift; sourceTree = "<group>"; };
		A4A495A725DC50E800636B66 /* User.swift */ = {isa = PBXFileReference; lastKnownFileType = sourcecode.swift; path = User.swift; sourceTree = "<group>"; };
		A4A495BE25DC71C400636B66 /* MeResource.swift */ = {isa = PBXFileReference; lastKnownFileType = sourcecode.swift; path = MeResource.swift; sourceTree = "<group>"; };
		A4A495C325DC71D300636B66 /* UserResponse.swift */ = {isa = PBXFileReference; lastKnownFileType = sourcecode.swift; path = UserResponse.swift; sourceTree = "<group>"; };
		A4FCAEB125DC8AE000C9849C /* LoginData.swift */ = {isa = PBXFileReference; lastKnownFileType = sourcecode.swift; path = LoginData.swift; sourceTree = "<group>"; };
		A4FCAEB825DC8B4500C9849C /* LoginResource.swift */ = {isa = PBXFileReference; lastKnownFileType = sourcecode.swift; path = LoginResource.swift; sourceTree = "<group>"; };
/* End PBXFileReference section */

/* Begin PBXFrameworksBuildPhase section */
		A45BADF225DC2C6B00F51D5E /* Frameworks */ = {
			isa = PBXFrameworksBuildPhase;
			buildActionMask = 2147483647;
			files = (
			);
			runOnlyForDeploymentPostprocessing = 0;
		};
		A45BAE0825DC2C6D00F51D5E /* Frameworks */ = {
			isa = PBXFrameworksBuildPhase;
			buildActionMask = 2147483647;
			files = (
			);
			runOnlyForDeploymentPostprocessing = 0;
		};
		A45BAE1325DC2C6D00F51D5E /* Frameworks */ = {
			isa = PBXFrameworksBuildPhase;
			buildActionMask = 2147483647;
			files = (
			);
			runOnlyForDeploymentPostprocessing = 0;
		};
/* End PBXFrameworksBuildPhase section */

/* Begin PBXGroup section */
		A45BADEC25DC2C6B00F51D5E = {
			isa = PBXGroup;
			children = (
				A45BADF725DC2C6B00F51D5E /* EMSTrainerApp */,
				A45BAE0E25DC2C6D00F51D5E /* EMSTrainerAppTests */,
				A45BAE1925DC2C6D00F51D5E /* EMSTrainerAppUITests */,
				A45BADF625DC2C6B00F51D5E /* Products */,
			);
			sourceTree = "<group>";
		};
		A45BADF625DC2C6B00F51D5E /* Products */ = {
			isa = PBXGroup;
			children = (
				A45BADF525DC2C6B00F51D5E /* EMSTrainerApp.app */,
				A45BAE0B25DC2C6D00F51D5E /* EMSTrainerAppTests.xctest */,
				A45BAE1625DC2C6D00F51D5E /* EMSTrainerAppUITests.xctest */,
			);
			name = Products;
			sourceTree = "<group>";
		};
		A45BADF725DC2C6B00F51D5E /* EMSTrainerApp */ = {
			isa = PBXGroup;
			children = (
				A45BAE3525DC2D5600F51D5E /* Core */,
				A45BAE3625DC2D6500F51D5E /* ViewControllers */,
				A45BAE2E25DC2C7700F51D5E /* Supporting Files */,
			);
			path = EMSTrainerApp;
			sourceTree = "<group>";
		};
		A45BAE0E25DC2C6D00F51D5E /* EMSTrainerAppTests */ = {
			isa = PBXGroup;
			children = (
				A45BAE0F25DC2C6D00F51D5E /* EMSTrainerAppTests.swift */,
				A45BAE1125DC2C6D00F51D5E /* Info.plist */,
			);
			path = EMSTrainerAppTests;
			sourceTree = "<group>";
		};
		A45BAE1925DC2C6D00F51D5E /* EMSTrainerAppUITests */ = {
			isa = PBXGroup;
			children = (
				A45BAE1A25DC2C6D00F51D5E /* EMSTrainerAppUITests.swift */,
				A45BAE1C25DC2C6D00F51D5E /* Info.plist */,
			);
			path = EMSTrainerAppUITests;
			sourceTree = "<group>";
		};
		A45BAE2E25DC2C7700F51D5E /* Supporting Files */ = {
			isa = PBXGroup;
			children = (
				A45BADF825DC2C6B00F51D5E /* AppDelegate.swift */,
				A45BADFA25DC2C6B00F51D5E /* SceneDelegate.swift */,
				A45BADFC25DC2C6B00F51D5E /* ViewController.swift */,
				A45BADFE25DC2C6B00F51D5E /* Main.storyboard */,
				A45BAE0125DC2C6D00F51D5E /* Assets.xcassets */,
				A45BAE0325DC2C6D00F51D5E /* LaunchScreen.storyboard */,
				A45BAE0625DC2C6D00F51D5E /* Info.plist */,
			);
			path = "Supporting Files";
			sourceTree = "<group>";
		};
		A45BAE3525DC2D5600F51D5E /* Core */ = {
			isa = PBXGroup;
			children = (
				A45BAE3725DC2DA000F51D5E /* Api */,
				A4A495A625DC50D500636B66 /* Models */,
			);
			path = Core;
			sourceTree = "<group>";
		};
		A45BAE3625DC2D6500F51D5E /* ViewControllers */ = {
			isa = PBXGroup;
			children = (
			);
			path = ViewControllers;
			sourceTree = "<group>";
		};
		A45BAE3725DC2DA000F51D5E /* Api */ = {
			isa = PBXGroup;
			children = (
				A4A495BD25DC719800636B66 /* Requests */,
				A4A495BC25DC718A00636B66 /* Responses */,
				A4A495BB25DC714000636B66 /* Resources */,
				A45BAE3825DC2DB600F51D5E /* Api.swift */,
			);
			path = Api;
			sourceTree = "<group>";
		};
		A4A495A625DC50D500636B66 /* Models */ = {
			isa = PBXGroup;
			children = (
				A4FCAEB025DC8ACE00C9849C /* RequestData */,
				A4A495A725DC50E800636B66 /* User.swift */,
			);
			path = Models;
			sourceTree = "<group>";
		};
		A4A495BB25DC714000636B66 /* Resources */ = {
			isa = PBXGroup;
			children = (
				A45BAE4B25DC3E1B00F51D5E /* ApiResource.swift */,
				A4FCAEB625DC8B2300C9849C /* Get */,
				A4FCAEB725DC8B3700C9849C /* Post */,
			);
			path = Resources;
			sourceTree = "<group>";
		};
		A4A495BC25DC718A00636B66 /* Responses */ = {
			isa = PBXGroup;
			children = (
				A45BAE5025DC3F4900F51D5E /* ApiResponse.swift */,
				A4A495C325DC71D300636B66 /* UserResponse.swift */,
			);
			path = Responses;
			sourceTree = "<group>";
		};
		A4A495BD25DC719800636B66 /* Requests */ = {
			isa = PBXGroup;
			children = (
				A45BAE4025DC35F400F51D5E /* NetworkRequest.swift */,
				A45BAE4625DC3DF600F51D5E /* ApiRequest.swift */,
			);
			path = Requests;
			sourceTree = "<group>";
		};
		A4FCAEB025DC8ACE00C9849C /* RequestData */ = {
			isa = PBXGroup;
			children = (
				A4FCAEB125DC8AE000C9849C /* LoginData.swift */,
			);
			path = RequestData;
			sourceTree = "<group>";
		};
		A4FCAEB625DC8B2300C9849C /* Get */ = {
			isa = PBXGroup;
			children = (
				A4A495BE25DC71C400636B66 /* MeResource.swift */,
			);
			path = Get;
			sourceTree = "<group>";
		};
		A4FCAEB725DC8B3700C9849C /* Post */ = {
			isa = PBXGroup;
			children = (
				A4FCAEB825DC8B4500C9849C /* LoginResource.swift */,
			);
			path = Post;
			sourceTree = "<group>";
		};
/* End PBXGroup section */

/* Begin PBXNativeTarget section */
		A45BADF425DC2C6B00F51D5E /* EMSTrainerApp */ = {
			isa = PBXNativeTarget;
			buildConfigurationList = A45BAE1F25DC2C6D00F51D5E /* Build configuration list for PBXNativeTarget "EMSTrainerApp" */;
			buildPhases = (
				A45BADF125DC2C6B00F51D5E /* Sources */,
				A45BADF225DC2C6B00F51D5E /* Frameworks */,
				A45BADF325DC2C6B00F51D5E /* Resources */,
			);
			buildRules = (
			);
			dependencies = (
			);
			name = EMSTrainerApp;
			productName = EMSTrainerApp;
			productReference = A45BADF525DC2C6B00F51D5E /* EMSTrainerApp.app */;
			productType = "com.apple.product-type.application";
		};
		A45BAE0A25DC2C6D00F51D5E /* EMSTrainerAppTests */ = {
			isa = PBXNativeTarget;
			buildConfigurationList = A45BAE2225DC2C6D00F51D5E /* Build configuration list for PBXNativeTarget "EMSTrainerAppTests" */;
			buildPhases = (
				A45BAE0725DC2C6D00F51D5E /* Sources */,
				A45BAE0825DC2C6D00F51D5E /* Frameworks */,
				A45BAE0925DC2C6D00F51D5E /* Resources */,
			);
			buildRules = (
			);
			dependencies = (
				A45BAE0D25DC2C6D00F51D5E /* PBXTargetDependency */,
			);
			name = EMSTrainerAppTests;
			productName = EMSTrainerAppTests;
			productReference = A45BAE0B25DC2C6D00F51D5E /* EMSTrainerAppTests.xctest */;
			productType = "com.apple.product-type.bundle.unit-test";
		};
		A45BAE1525DC2C6D00F51D5E /* EMSTrainerAppUITests */ = {
			isa = PBXNativeTarget;
			buildConfigurationList = A45BAE2525DC2C6D00F51D5E /* Build configuration list for PBXNativeTarget "EMSTrainerAppUITests" */;
			buildPhases = (
				A45BAE1225DC2C6D00F51D5E /* Sources */,
				A45BAE1325DC2C6D00F51D5E /* Frameworks */,
				A45BAE1425DC2C6D00F51D5E /* Resources */,
			);
			buildRules = (
			);
			dependencies = (
				A45BAE1825DC2C6D00F51D5E /* PBXTargetDependency */,
			);
			name = EMSTrainerAppUITests;
			productName = EMSTrainerAppUITests;
			productReference = A45BAE1625DC2C6D00F51D5E /* EMSTrainerAppUITests.xctest */;
			productType = "com.apple.product-type.bundle.ui-testing";
		};
/* End PBXNativeTarget section */

/* Begin PBXProject section */
		A45BADED25DC2C6B00F51D5E /* Project object */ = {
			isa = PBXProject;
			attributes = {
				LastSwiftUpdateCheck = 1240;
				LastUpgradeCheck = 1240;
				TargetAttributes = {
					A45BADF425DC2C6B00F51D5E = {
						CreatedOnToolsVersion = 12.4;
					};
					A45BAE0A25DC2C6D00F51D5E = {
						CreatedOnToolsVersion = 12.4;
						TestTargetID = A45BADF425DC2C6B00F51D5E;
					};
					A45BAE1525DC2C6D00F51D5E = {
						CreatedOnToolsVersion = 12.4;
						TestTargetID = A45BADF425DC2C6B00F51D5E;
					};
				};
			};
			buildConfigurationList = A45BADF025DC2C6B00F51D5E /* Build configuration list for PBXProject "EMSTrainerApp" */;
			compatibilityVersion = "Xcode 9.3";
			developmentRegion = en;
			hasScannedForEncodings = 0;
			knownRegions = (
				en,
				Base,
			);
			mainGroup = A45BADEC25DC2C6B00F51D5E;
			productRefGroup = A45BADF625DC2C6B00F51D5E /* Products */;
			projectDirPath = "";
			projectRoot = "";
			targets = (
				A45BADF425DC2C6B00F51D5E /* EMSTrainerApp */,
				A45BAE0A25DC2C6D00F51D5E /* EMSTrainerAppTests */,
				A45BAE1525DC2C6D00F51D5E /* EMSTrainerAppUITests */,
			);
		};
/* End PBXProject section */

/* Begin PBXResourcesBuildPhase section */
		A45BADF325DC2C6B00F51D5E /* Resources */ = {
			isa = PBXResourcesBuildPhase;
			buildActionMask = 2147483647;
			files = (
				A45BAE0525DC2C6D00F51D5E /* LaunchScreen.storyboard in Resources */,
				A45BAE0225DC2C6D00F51D5E /* Assets.xcassets in Resources */,
				A45BAE0025DC2C6B00F51D5E /* Main.storyboard in Resources */,
			);
			runOnlyForDeploymentPostprocessing = 0;
		};
		A45BAE0925DC2C6D00F51D5E /* Resources */ = {
			isa = PBXResourcesBuildPhase;
			buildActionMask = 2147483647;
			files = (
			);
			runOnlyForDeploymentPostprocessing = 0;
		};
		A45BAE1425DC2C6D00F51D5E /* Resources */ = {
			isa = PBXResourcesBuildPhase;
			buildActionMask = 2147483647;
			files = (
			);
			runOnlyForDeploymentPostprocessing = 0;
		};
/* End PBXResourcesBuildPhase section */

/* Begin PBXSourcesBuildPhase section */
		A45BADF125DC2C6B00F51D5E /* Sources */ = {
			isa = PBXSourcesBuildPhase;
			buildActionMask = 2147483647;
			files = (
				A4FCAEB925DC8B4500C9849C /* LoginResource.swift in Sources */,
				A45BAE4C25DC3E1B00F51D5E /* ApiResource.swift in Sources */,
				A45BADFD25DC2C6B00F51D5E /* ViewController.swift in Sources */,
				A45BADF925DC2C6B00F51D5E /* AppDelegate.swift in Sources */,
				A45BAE4725DC3DF600F51D5E /* ApiRequest.swift in Sources */,
				A45BAE3925DC2DB600F51D5E /* Api.swift in Sources */,
				A4FCAEB225DC8AE000C9849C /* LoginData.swift in Sources */,
				A4A495A825DC50E800636B66 /* User.swift in Sources */,
				A45BAE5125DC3F4900F51D5E /* ApiResponse.swift in Sources */,
				A45BADFB25DC2C6B00F51D5E /* SceneDelegate.swift in Sources */,
				A45BAE4125DC35F400F51D5E /* NetworkRequest.swift in Sources */,
				A4A495BF25DC71C400636B66 /* MeResource.swift in Sources */,
				A4A495C425DC71D300636B66 /* UserResponse.swift in Sources */,
			);
			runOnlyForDeploymentPostprocessing = 0;
		};
		A45BAE0725DC2C6D00F51D5E /* Sources */ = {
			isa = PBXSourcesBuildPhase;
			buildActionMask = 2147483647;
			files = (
				A45BAE1025DC2C6D00F51D5E /* EMSTrainerAppTests.swift in Sources */,
			);
			runOnlyForDeploymentPostprocessing = 0;
		};
		A45BAE1225DC2C6D00F51D5E /* Sources */ = {
			isa = PBXSourcesBuildPhase;
			buildActionMask = 2147483647;
			files = (
				A45BAE1B25DC2C6D00F51D5E /* EMSTrainerAppUITests.swift in Sources */,
			);
			runOnlyForDeploymentPostprocessing = 0;
		};
/* End PBXSourcesBuildPhase section */

/* Begin PBXTargetDependency section */
		A45BAE0D25DC2C6D00F51D5E /* PBXTargetDependency */ = {
			isa = PBXTargetDependency;
			target = A45BADF425DC2C6B00F51D5E /* EMSTrainerApp */;
			targetProxy = A45BAE0C25DC2C6D00F51D5E /* PBXContainerItemProxy */;
		};
		A45BAE1825DC2C6D00F51D5E /* PBXTargetDependency */ = {
			isa = PBXTargetDependency;
			target = A45BADF425DC2C6B00F51D5E /* EMSTrainerApp */;
			targetProxy = A45BAE1725DC2C6D00F51D5E /* PBXContainerItemProxy */;
		};
/* End PBXTargetDependency section */

/* Begin PBXVariantGroup section */
		A45BADFE25DC2C6B00F51D5E /* Main.storyboard */ = {
			isa = PBXVariantGroup;
			children = (
				A45BADFF25DC2C6B00F51D5E /* Base */,
			);
			name = Main.storyboard;
			sourceTree = "<group>";
		};
		A45BAE0325DC2C6D00F51D5E /* LaunchScreen.storyboard */ = {
			isa = PBXVariantGroup;
			children = (
				A45BAE0425DC2C6D00F51D5E /* Base */,
			);
			name = LaunchScreen.storyboard;
			sourceTree = "<group>";
		};
/* End PBXVariantGroup section */

/* Begin XCBuildConfiguration section */
		A45BAE1D25DC2C6D00F51D5E /* Debug */ = {
			isa = XCBuildConfiguration;
			buildSettings = {
				ALWAYS_SEARCH_USER_PATHS = NO;
				CLANG_ANALYZER_NONNULL = YES;
				CLANG_ANALYZER_NUMBER_OBJECT_CONVERSION = YES_AGGRESSIVE;
				CLANG_CXX_LANGUAGE_STANDARD = "gnu++14";
				CLANG_CXX_LIBRARY = "libc++";
				CLANG_ENABLE_MODULES = YES;
				CLANG_ENABLE_OBJC_ARC = YES;
				CLANG_ENABLE_OBJC_WEAK = YES;
				CLANG_WARN_BLOCK_CAPTURE_AUTORELEASING = YES;
				CLANG_WARN_BOOL_CONVERSION = YES;
				CLANG_WARN_COMMA = YES;
				CLANG_WARN_CONSTANT_CONVERSION = YES;
				CLANG_WARN_DEPRECATED_OBJC_IMPLEMENTATIONS = YES;
				CLANG_WARN_DIRECT_OBJC_ISA_USAGE = YES_ERROR;
				CLANG_WARN_DOCUMENTATION_COMMENTS = YES;
				CLANG_WARN_EMPTY_BODY = YES;
				CLANG_WARN_ENUM_CONVERSION = YES;
				CLANG_WARN_INFINITE_RECURSION = YES;
				CLANG_WARN_INT_CONVERSION = YES;
				CLANG_WARN_NON_LITERAL_NULL_CONVERSION = YES;
				CLANG_WARN_OBJC_IMPLICIT_RETAIN_SELF = YES;
				CLANG_WARN_OBJC_LITERAL_CONVERSION = YES;
				CLANG_WARN_OBJC_ROOT_CLASS = YES_ERROR;
				CLANG_WARN_QUOTED_INCLUDE_IN_FRAMEWORK_HEADER = YES;
				CLANG_WARN_RANGE_LOOP_ANALYSIS = YES;
				CLANG_WARN_STRICT_PROTOTYPES = YES;
				CLANG_WARN_SUSPICIOUS_MOVE = YES;
				CLANG_WARN_UNGUARDED_AVAILABILITY = YES_AGGRESSIVE;
				CLANG_WARN_UNREACHABLE_CODE = YES;
				CLANG_WARN__DUPLICATE_METHOD_MATCH = YES;
				COPY_PHASE_STRIP = NO;
				DEBUG_INFORMATION_FORMAT = dwarf;
				ENABLE_STRICT_OBJC_MSGSEND = YES;
				ENABLE_TESTABILITY = YES;
				GCC_C_LANGUAGE_STANDARD = gnu11;
				GCC_DYNAMIC_NO_PIC = NO;
				GCC_NO_COMMON_BLOCKS = YES;
				GCC_OPTIMIZATION_LEVEL = 0;
				GCC_PREPROCESSOR_DEFINITIONS = (
					"DEBUG=1",
					"$(inherited)",
				);
				GCC_WARN_64_TO_32_BIT_CONVERSION = YES;
				GCC_WARN_ABOUT_RETURN_TYPE = YES_ERROR;
				GCC_WARN_UNDECLARED_SELECTOR = YES;
				GCC_WARN_UNINITIALIZED_AUTOS = YES_AGGRESSIVE;
				GCC_WARN_UNUSED_FUNCTION = YES;
				GCC_WARN_UNUSED_VARIABLE = YES;
				IPHONEOS_DEPLOYMENT_TARGET = 14.4;
				MTL_ENABLE_DEBUG_INFO = INCLUDE_SOURCE;
				MTL_FAST_MATH = YES;
				ONLY_ACTIVE_ARCH = YES;
				SDKROOT = iphoneos;
				SWIFT_ACTIVE_COMPILATION_CONDITIONS = DEBUG;
				SWIFT_OPTIMIZATION_LEVEL = "-Onone";
			};
			name = Debug;
		};
		A45BAE1E25DC2C6D00F51D5E /* Release */ = {
			isa = XCBuildConfiguration;
			buildSettings = {
				ALWAYS_SEARCH_USER_PATHS = NO;
				CLANG_ANALYZER_NONNULL = YES;
				CLANG_ANALYZER_NUMBER_OBJECT_CONVERSION = YES_AGGRESSIVE;
				CLANG_CXX_LANGUAGE_STANDARD = "gnu++14";
				CLANG_CXX_LIBRARY = "libc++";
				CLANG_ENABLE_MODULES = YES;
				CLANG_ENABLE_OBJC_ARC = YES;
				CLANG_ENABLE_OBJC_WEAK = YES;
				CLANG_WARN_BLOCK_CAPTURE_AUTORELEASING = YES;
				CLANG_WARN_BOOL_CONVERSION = YES;
				CLANG_WARN_COMMA = YES;
				CLANG_WARN_CONSTANT_CONVERSION = YES;
				CLANG_WARN_DEPRECATED_OBJC_IMPLEMENTATIONS = YES;
				CLANG_WARN_DIRECT_OBJC_ISA_USAGE = YES_ERROR;
				CLANG_WARN_DOCUMENTATION_COMMENTS = YES;
				CLANG_WARN_EMPTY_BODY = YES;
				CLANG_WARN_ENUM_CONVERSION = YES;
				CLANG_WARN_INFINITE_RECURSION = YES;
				CLANG_WARN_INT_CONVERSION = YES;
				CLANG_WARN_NON_LITERAL_NULL_CONVERSION = YES;
				CLANG_WARN_OBJC_IMPLICIT_RETAIN_SELF = YES;
				CLANG_WARN_OBJC_LITERAL_CONVERSION = YES;
				CLANG_WARN_OBJC_ROOT_CLASS = YES_ERROR;
				CLANG_WARN_QUOTED_INCLUDE_IN_FRAMEWORK_HEADER = YES;
				CLANG_WARN_RANGE_LOOP_ANALYSIS = YES;
				CLANG_WARN_STRICT_PROTOTYPES = YES;
				CLANG_WARN_SUSPICIOUS_MOVE = YES;
				CLANG_WARN_UNGUARDED_AVAILABILITY = YES_AGGRESSIVE;
				CLANG_WARN_UNREACHABLE_CODE = YES;
				CLANG_WARN__DUPLICATE_METHOD_MATCH = YES;
				COPY_PHASE_STRIP = NO;
				DEBUG_INFORMATION_FORMAT = "dwarf-with-dsym";
				ENABLE_NS_ASSERTIONS = NO;
				ENABLE_STRICT_OBJC_MSGSEND = YES;
				GCC_C_LANGUAGE_STANDARD = gnu11;
				GCC_NO_COMMON_BLOCKS = YES;
				GCC_WARN_64_TO_32_BIT_CONVERSION = YES;
				GCC_WARN_ABOUT_RETURN_TYPE = YES_ERROR;
				GCC_WARN_UNDECLARED_SELECTOR = YES;
				GCC_WARN_UNINITIALIZED_AUTOS = YES_AGGRESSIVE;
				GCC_WARN_UNUSED_FUNCTION = YES;
				GCC_WARN_UNUSED_VARIABLE = YES;
				IPHONEOS_DEPLOYMENT_TARGET = 14.4;
				MTL_ENABLE_DEBUG_INFO = NO;
				MTL_FAST_MATH = YES;
				SDKROOT = iphoneos;
				SWIFT_COMPILATION_MODE = wholemodule;
				SWIFT_OPTIMIZATION_LEVEL = "-O";
				VALIDATE_PRODUCT = YES;
			};
			name = Release;
		};
		A45BAE2025DC2C6D00F51D5E /* Debug */ = {
			isa = XCBuildConfiguration;
			buildSettings = {
				ASSETCATALOG_COMPILER_APPICON_NAME = AppIcon;
				ASSETCATALOG_COMPILER_GLOBAL_ACCENT_COLOR_NAME = AccentColor;
				CODE_SIGN_STYLE = Automatic;
				CURRENT_PROJECT_VERSION = 1;
				DEVELOPMENT_TEAM = QPW35WEPP7;
				INFOPLIST_FILE = "EMSTrainerApp/Supporting Files/Info.plist";
				LD_RUNPATH_SEARCH_PATHS = (
					"$(inherited)",
					"@executable_path/Frameworks",
				);
				MARKETING_VERSION = 1.0.0;
				PRODUCT_BUNDLE_IDENTIFIER = com.eclickmobile.EMSTrainerApp;
				PRODUCT_NAME = "$(TARGET_NAME)";
				SWIFT_VERSION = 5.0;
				TARGETED_DEVICE_FAMILY = 1;
			};
			name = Debug;
		};
		A45BAE2125DC2C6D00F51D5E /* Release */ = {
			isa = XCBuildConfiguration;
			buildSettings = {
				ASSETCATALOG_COMPILER_APPICON_NAME = AppIcon;
				ASSETCATALOG_COMPILER_GLOBAL_ACCENT_COLOR_NAME = AccentColor;
				CODE_SIGN_STYLE = Automatic;
				CURRENT_PROJECT_VERSION = 1;
				DEVELOPMENT_TEAM = QPW35WEPP7;
				INFOPLIST_FILE = "EMSTrainerApp/Supporting Files/Info.plist";
				LD_RUNPATH_SEARCH_PATHS = (
					"$(inherited)",
					"@executable_path/Frameworks",
				);
				MARKETING_VERSION = 1.0.0;
				PRODUCT_BUNDLE_IDENTIFIER = com.eclickmobile.EMSTrainerApp;
				PRODUCT_NAME = "$(TARGET_NAME)";
				SWIFT_VERSION = 5.0;
				TARGETED_DEVICE_FAMILY = 1;
			};
			name = Release;
		};
		A45BAE2325DC2C6D00F51D5E /* Debug */ = {
			isa = XCBuildConfiguration;
			buildSettings = {
				ALWAYS_EMBED_SWIFT_STANDARD_LIBRARIES = YES;
				BUNDLE_LOADER = "$(TEST_HOST)";
				CODE_SIGN_STYLE = Automatic;
				DEVELOPMENT_TEAM = QPW35WEPP7;
				INFOPLIST_FILE = EMSTrainerAppTests/Info.plist;
				IPHONEOS_DEPLOYMENT_TARGET = 14.4;
				LD_RUNPATH_SEARCH_PATHS = (
					"$(inherited)",
					"@executable_path/Frameworks",
					"@loader_path/Frameworks",
				);
				PRODUCT_BUNDLE_IDENTIFIER = com.eclickmobile.EMSTrainerAppTests;
				PRODUCT_NAME = "$(TARGET_NAME)";
				SWIFT_VERSION = 5.0;
				TARGETED_DEVICE_FAMILY = "1,2";
				TEST_HOST = "$(BUILT_PRODUCTS_DIR)/EMSTrainerApp.app/EMSTrainerApp";
			};
			name = Debug;
		};
		A45BAE2425DC2C6D00F51D5E /* Release */ = {
			isa = XCBuildConfiguration;
			buildSettings = {
				ALWAYS_EMBED_SWIFT_STANDARD_LIBRARIES = YES;
				BUNDLE_LOADER = "$(TEST_HOST)";
				CODE_SIGN_STYLE = Automatic;
				DEVELOPMENT_TEAM = QPW35WEPP7;
				INFOPLIST_FILE = EMSTrainerAppTests/Info.plist;
				IPHONEOS_DEPLOYMENT_TARGET = 14.4;
				LD_RUNPATH_SEARCH_PATHS = (
					"$(inherited)",
					"@executable_path/Frameworks",
					"@loader_path/Frameworks",
				);
				PRODUCT_BUNDLE_IDENTIFIER = com.eclickmobile.EMSTrainerAppTests;
				PRODUCT_NAME = "$(TARGET_NAME)";
				SWIFT_VERSION = 5.0;
				TARGETED_DEVICE_FAMILY = "1,2";
				TEST_HOST = "$(BUILT_PRODUCTS_DIR)/EMSTrainerApp.app/EMSTrainerApp";
			};
			name = Release;
		};
		A45BAE2625DC2C6D00F51D5E /* Debug */ = {
			isa = XCBuildConfiguration;
			buildSettings = {
				ALWAYS_EMBED_SWIFT_STANDARD_LIBRARIES = YES;
				CODE_SIGN_STYLE = Automatic;
				DEVELOPMENT_TEAM = QPW35WEPP7;
				INFOPLIST_FILE = EMSTrainerAppUITests/Info.plist;
				LD_RUNPATH_SEARCH_PATHS = (
					"$(inherited)",
					"@executable_path/Frameworks",
					"@loader_path/Frameworks",
				);
				PRODUCT_BUNDLE_IDENTIFIER = com.eclickmobile.EMSTrainerAppUITests;
				PRODUCT_NAME = "$(TARGET_NAME)";
				SWIFT_VERSION = 5.0;
				TARGETED_DEVICE_FAMILY = "1,2";
				TEST_TARGET_NAME = EMSTrainerApp;
			};
			name = Debug;
		};
		A45BAE2725DC2C6D00F51D5E /* Release */ = {
			isa = XCBuildConfiguration;
			buildSettings = {
				ALWAYS_EMBED_SWIFT_STANDARD_LIBRARIES = YES;
				CODE_SIGN_STYLE = Automatic;
				DEVELOPMENT_TEAM = QPW35WEPP7;
				INFOPLIST_FILE = EMSTrainerAppUITests/Info.plist;
				LD_RUNPATH_SEARCH_PATHS = (
					"$(inherited)",
					"@executable_path/Frameworks",
					"@loader_path/Frameworks",
				);
				PRODUCT_BUNDLE_IDENTIFIER = com.eclickmobile.EMSTrainerAppUITests;
				PRODUCT_NAME = "$(TARGET_NAME)";
				SWIFT_VERSION = 5.0;
				TARGETED_DEVICE_FAMILY = "1,2";
				TEST_TARGET_NAME = EMSTrainerApp;
			};
			name = Release;
		};
/* End XCBuildConfiguration section */

/* Begin XCConfigurationList section */
		A45BADF025DC2C6B00F51D5E /* Build configuration list for PBXProject "EMSTrainerApp" */ = {
			isa = XCConfigurationList;
			buildConfigurations = (
				A45BAE1D25DC2C6D00F51D5E /* Debug */,
				A45BAE1E25DC2C6D00F51D5E /* Release */,
			);
			defaultConfigurationIsVisible = 0;
			defaultConfigurationName = Release;
		};
		A45BAE1F25DC2C6D00F51D5E /* Build configuration list for PBXNativeTarget "EMSTrainerApp" */ = {
			isa = XCConfigurationList;
			buildConfigurations = (
				A45BAE2025DC2C6D00F51D5E /* Debug */,
				A45BAE2125DC2C6D00F51D5E /* Release */,
			);
			defaultConfigurationIsVisible = 0;
			defaultConfigurationName = Release;
		};
		A45BAE2225DC2C6D00F51D5E /* Build configuration list for PBXNativeTarget "EMSTrainerAppTests" */ = {
			isa = XCConfigurationList;
			buildConfigurations = (
				A45BAE2325DC2C6D00F51D5E /* Debug */,
				A45BAE2425DC2C6D00F51D5E /* Release */,
			);
			defaultConfigurationIsVisible = 0;
			defaultConfigurationName = Release;
		};
		A45BAE2525DC2C6D00F51D5E /* Build configuration list for PBXNativeTarget "EMSTrainerAppUITests" */ = {
			isa = XCConfigurationList;
			buildConfigurations = (
				A45BAE2625DC2C6D00F51D5E /* Debug */,
				A45BAE2725DC2C6D00F51D5E /* Release */,
			);
			defaultConfigurationIsVisible = 0;
			defaultConfigurationName = Release;
		};
/* End XCConfigurationList section */
	};
	rootObject = A45BADED25DC2C6B00F51D5E /* Project object */;
}
