// !$*UTF8*$!
{
	archiveVersion = 1;
	classes = {
	};
	objectVersion = 51;
	objects = {

/* Begin PBXBuildFile section */
		01D23F4F54F8232C7BCB9286 /* Pods_EMSTrainerAppTests.framework in Frameworks */ = {isa = PBXBuildFile; fileRef = 0DC52599F908E9687880578C /* Pods_EMSTrainerAppTests.framework */; };
		A406E48825F533790044E284 /* UserDefaultsUserService.swift in Sources */ = {isa = PBXBuildFile; fileRef = A406E48725F533790044E284 /* UserDefaultsUserService.swift */; };
		A406E49925F533AC0044E284 /* UserService.swift in Sources */ = {isa = PBXBuildFile; fileRef = A406E49825F533AC0044E284 /* UserService.swift */; };
		A41C8F8925FFF7B600192BDD /* StatisticsView.swift in Sources */ = {isa = PBXBuildFile; fileRef = A41C8F8825FFF7B600192BDD /* StatisticsView.swift */; };
		A41C8F8E25FFF7C600192BDD /* StatisticsView.xib in Resources */ = {isa = PBXBuildFile; fileRef = A41C8F8D25FFF7C600192BDD /* StatisticsView.xib */; };
		A41C8F9325FFFA2700192BDD /* CustomViewProtocol.swift in Sources */ = {isa = PBXBuildFile; fileRef = A41C8F9225FFFA2700192BDD /* CustomViewProtocol.swift */; };
		A41C8F982600060800192BDD /* AccountViewController.swift in Sources */ = {isa = PBXBuildFile; fileRef = A41C8F972600060800192BDD /* AccountViewController.swift */; };
		A41C8FAE260011B600192BDD /* WorkoutSetupViewController.swift in Sources */ = {isa = PBXBuildFile; fileRef = A41C8FAD260011B600192BDD /* WorkoutSetupViewController.swift */; };
		A41C8FB42600144900192BDD /* FinderProtocol.swift in Sources */ = {isa = PBXBuildFile; fileRef = A41C8FB32600144900192BDD /* FinderProtocol.swift */; };
		A41C8FBD260014DE00192BDD /* FinderDelegate.swift in Sources */ = {isa = PBXBuildFile; fileRef = A41C8FBC260014DE00192BDD /* FinderDelegate.swift */; };
		A41C8FC32600150B00192BDD /* MDNSFinder.swift in Sources */ = {isa = PBXBuildFile; fileRef = A41C8FC22600150B00192BDD /* MDNSFinder.swift */; };
		A41C8FCD2600208C00192BDD /* DeviceStatusResource.swift in Sources */ = {isa = PBXBuildFile; fileRef = A41C8FCC2600208C00192BDD /* DeviceStatusResource.swift */; };
		A41C8FD2260020F600192BDD /* DeviceStatusResponse.swift in Sources */ = {isa = PBXBuildFile; fileRef = A41C8FD1260020F600192BDD /* DeviceStatusResponse.swift */; };
		A41C8FE2260026F200192BDD /* DeviceApiRequest.swift in Sources */ = {isa = PBXBuildFile; fileRef = A41C8FE1260026F200192BDD /* DeviceApiRequest.swift */; };
		A41C8FE72600270800192BDD /* DeviceApiResource.swift in Sources */ = {isa = PBXBuildFile; fileRef = A41C8FE62600270800192BDD /* DeviceApiResource.swift */; };
		A41C8FEC260028A000192BDD /* DeviceApi.swift in Sources */ = {isa = PBXBuildFile; fileRef = A41C8FEB260028A000192BDD /* DeviceApi.swift */; };
		A41C8FF226002B9300192BDD /* DeviceHost.swift in Sources */ = {isa = PBXBuildFile; fileRef = A41C8FF126002B9300192BDD /* DeviceHost.swift */; };
		A41C8FF726002C5300192BDD /* EMSDeviceType.swift in Sources */ = {isa = PBXBuildFile; fileRef = A41C8FF626002C5300192BDD /* EMSDeviceType.swift */; };
		A41C8FFD2600A56C00192BDD /* TrainingModes.json in Resources */ = {isa = PBXBuildFile; fileRef = A41C8FFC2600A56C00192BDD /* TrainingModes.json */; };
		A41C90052600A87600192BDD /* ChannelData.swift in Sources */ = {isa = PBXBuildFile; fileRef = A41C90042600A87600192BDD /* ChannelData.swift */; };
		A41C900B2600A8D100192BDD /* TrainingMode.swift in Sources */ = {isa = PBXBuildFile; fileRef = A41C900A2600A8D100192BDD /* TrainingMode.swift */; };
		A41C90112600A9D100192BDD /* WorkoutSetupViewModel.swift in Sources */ = {isa = PBXBuildFile; fileRef = A41C90102600A9D100192BDD /* WorkoutSetupViewModel.swift */; };
		A41C90162600AA4500192BDD /* Bundle.swift in Sources */ = {isa = PBXBuildFile; fileRef = A41C90152600AA4500192BDD /* Bundle.swift */; };
		A41C90242600F11700192BDD /* TrainingModeSelectorView.swift in Sources */ = {isa = PBXBuildFile; fileRef = A41C90232600F11700192BDD /* TrainingModeSelectorView.swift */; };
		A41C902C2600F14600192BDD /* TrainingModeSelectorView.xib in Resources */ = {isa = PBXBuildFile; fileRef = A41C902B2600F14600192BDD /* TrainingModeSelectorView.xib */; };
		A41C90312600F7B000192BDD /* TrainingModeOptionView.swift in Sources */ = {isa = PBXBuildFile; fileRef = A41C90302600F7B000192BDD /* TrainingModeOptionView.swift */; };
		A41C90362600F7BA00192BDD /* TrainingModeOptionView.xib in Resources */ = {isa = PBXBuildFile; fileRef = A41C90352600F7BA00192BDD /* TrainingModeOptionView.xib */; };
		A421544225F503210094C1CB /* AppCoordinator.swift in Sources */ = {isa = PBXBuildFile; fileRef = A421544125F503210094C1CB /* AppCoordinator.swift */; };
		A421544C25F506850094C1CB /* AuthenticationCoordinator.swift in Sources */ = {isa = PBXBuildFile; fileRef = A421544B25F506850094C1CB /* AuthenticationCoordinator.swift */; };
		A421545625F514D70094C1CB /* Container.swift in Sources */ = {isa = PBXBuildFile; fileRef = A421545525F514D70094C1CB /* Container.swift */; };
		A421545B25F515630094C1CB /* StoryboardLodable.swift in Sources */ = {isa = PBXBuildFile; fileRef = A421545A25F515630094C1CB /* StoryboardLodable.swift */; };
		A421546025F516710094C1CB /* Authentication.storyboard in Resources */ = {isa = PBXBuildFile; fileRef = A421545F25F516710094C1CB /* Authentication.storyboard */; };
		A421546625F516E40094C1CB /* LoginViewController.swift in Sources */ = {isa = PBXBuildFile; fileRef = A421546525F516E40094C1CB /* LoginViewController.swift */; };
		A421547325F51AB40094C1CB /* RegistrationViewController.swift in Sources */ = {isa = PBXBuildFile; fileRef = A421547225F51AB40094C1CB /* RegistrationViewController.swift */; };
		A421547925F51F760094C1CB /* MainCoordinator.swift in Sources */ = {isa = PBXBuildFile; fileRef = A421547825F51F760094C1CB /* MainCoordinator.swift */; };
		A421547F25F520430094C1CB /* Main.storyboard in Resources */ = {isa = PBXBuildFile; fileRef = A421547E25F520430094C1CB /* Main.storyboard */; };
		A421548425F5206A0094C1CB /* DashboardViewController.swift in Sources */ = {isa = PBXBuildFile; fileRef = A421548325F5206A0094C1CB /* DashboardViewController.swift */; };
		A421548A25F522500094C1CB /* AuthenticationDelegate.swift in Sources */ = {isa = PBXBuildFile; fileRef = A421548925F522500094C1CB /* AuthenticationDelegate.swift */; };
		A4335EBD260119D00098E79C /* DeviceRowCollectionViewCell.swift in Sources */ = {isa = PBXBuildFile; fileRef = A4335EBB260119D00098E79C /* DeviceRowCollectionViewCell.swift */; };
		A4335EBE260119D00098E79C /* DeviceRowCollectionViewCell.xib in Resources */ = {isa = PBXBuildFile; fileRef = A4335EBC260119D00098E79C /* DeviceRowCollectionViewCell.xib */; };
		A45BADF925DC2C6B00F51D5E /* AppDelegate.swift in Sources */ = {isa = PBXBuildFile; fileRef = A45BADF825DC2C6B00F51D5E /* AppDelegate.swift */; };
		A45BADFB25DC2C6B00F51D5E /* SceneDelegate.swift in Sources */ = {isa = PBXBuildFile; fileRef = A45BADFA25DC2C6B00F51D5E /* SceneDelegate.swift */; };
		A45BADFD25DC2C6B00F51D5E /* ViewController.swift in Sources */ = {isa = PBXBuildFile; fileRef = A45BADFC25DC2C6B00F51D5E /* ViewController.swift */; };
		A45BAE0025DC2C6B00F51D5E /* Main.storyboard in Resources */ = {isa = PBXBuildFile; fileRef = A45BADFE25DC2C6B00F51D5E /* Main.storyboard */; };
		A45BAE0225DC2C6D00F51D5E /* Assets.xcassets in Resources */ = {isa = PBXBuildFile; fileRef = A45BAE0125DC2C6D00F51D5E /* Assets.xcassets */; };
		A45BAE0525DC2C6D00F51D5E /* LaunchScreen.storyboard in Resources */ = {isa = PBXBuildFile; fileRef = A45BAE0325DC2C6D00F51D5E /* LaunchScreen.storyboard */; };
		A45BAE1025DC2C6D00F51D5E /* EMSTrainerAppTests.swift in Sources */ = {isa = PBXBuildFile; fileRef = A45BAE0F25DC2C6D00F51D5E /* EMSTrainerAppTests.swift */; };
		A45BAE1B25DC2C6D00F51D5E /* EMSTrainerAppUITests.swift in Sources */ = {isa = PBXBuildFile; fileRef = A45BAE1A25DC2C6D00F51D5E /* EMSTrainerAppUITests.swift */; };
		A45BAE3925DC2DB600F51D5E /* Api.swift in Sources */ = {isa = PBXBuildFile; fileRef = A45BAE3825DC2DB600F51D5E /* Api.swift */; };
		A45BAE4125DC35F400F51D5E /* NetworkRequest.swift in Sources */ = {isa = PBXBuildFile; fileRef = A45BAE4025DC35F400F51D5E /* NetworkRequest.swift */; };
		A45BAE4725DC3DF600F51D5E /* ApiRequest.swift in Sources */ = {isa = PBXBuildFile; fileRef = A45BAE4625DC3DF600F51D5E /* ApiRequest.swift */; };
		A45BAE4C25DC3E1B00F51D5E /* ApiResource.swift in Sources */ = {isa = PBXBuildFile; fileRef = A45BAE4B25DC3E1B00F51D5E /* ApiResource.swift */; };
		A45BAE5125DC3F4900F51D5E /* ApiResponse.swift in Sources */ = {isa = PBXBuildFile; fileRef = A45BAE5025DC3F4900F51D5E /* ApiResponse.swift */; };
		A463379C25E07E53000B51F7 /* Auth.swift in Sources */ = {isa = PBXBuildFile; fileRef = A463379B25E07E53000B51F7 /* Auth.swift */; };
		A46337A825E087A4000B51F7 /* RegisterData.swift in Sources */ = {isa = PBXBuildFile; fileRef = A46337A725E087A4000B51F7 /* RegisterData.swift */; };
		A46337AD25E08811000B51F7 /* RegisterResource.swift in Sources */ = {isa = PBXBuildFile; fileRef = A46337AC25E08811000B51F7 /* RegisterResource.swift */; };
		A46337B225E08A58000B51F7 /* LogoutResource.swift in Sources */ = {isa = PBXBuildFile; fileRef = A46337B125E08A58000B51F7 /* LogoutResource.swift */; };
		A46337B725E08ADB000B51F7 /* EmptyResponse.swift in Sources */ = {isa = PBXBuildFile; fileRef = A46337B625E08ADB000B51F7 /* EmptyResponse.swift */; };
		A46337BC25E113BE000B51F7 /* ApiRequestTests.swift in Sources */ = {isa = PBXBuildFile; fileRef = A46337BB25E113BD000B51F7 /* ApiRequestTests.swift */; };
		A46337CE25E11563000B51F7 /* MockSession.swift in Sources */ = {isa = PBXBuildFile; fileRef = A46337CD25E11563000B51F7 /* MockSession.swift */; };
		A46337D325E115E3000B51F7 /* MockTask.swift in Sources */ = {isa = PBXBuildFile; fileRef = A46337D225E115E3000B51F7 /* MockTask.swift */; };
		A46337D825E12246000B51F7 /* NetworkEngine.swift in Sources */ = {isa = PBXBuildFile; fileRef = A46337D725E12246000B51F7 /* NetworkEngine.swift */; };
		A477972125FFDD86006AF564 /* Router.swift in Sources */ = {isa = PBXBuildFile; fileRef = A477972025FFDD86006AF564 /* Router.swift */; };
		A477972925FFDD9D006AF564 /* RouterProtocol.swift in Sources */ = {isa = PBXBuildFile; fileRef = A477972825FFDD9D006AF564 /* RouterProtocol.swift */; };
		A477972F25FFDE38006AF564 /* Presentable.swift in Sources */ = {isa = PBXBuildFile; fileRef = A477972E25FFDE38006AF564 /* Presentable.swift */; };
		A477973725FFDE65006AF564 /* UIViewController.swift in Sources */ = {isa = PBXBuildFile; fileRef = A477973625FFDE64006AF564 /* UIViewController.swift */; };
		A47BB12F25E1B63B0065023F /* Coordinator.swift in Sources */ = {isa = PBXBuildFile; fileRef = A47BB12E25E1B63B0065023F /* Coordinator.swift */; };
		A48B64D525F536E7009D6CCD /* AuthenticationService.swift in Sources */ = {isa = PBXBuildFile; fileRef = A48B64D425F536E7009D6CCD /* AuthenticationService.swift */; };
		A48B64E925F53A43009D6CCD /* ApiService.swift in Sources */ = {isa = PBXBuildFile; fileRef = A48B64E825F53A43009D6CCD /* ApiService.swift */; };
		A48B64FE25F53FB7009D6CCD /* TokenService.swift in Sources */ = {isa = PBXBuildFile; fileRef = A48B64FD25F53FB7009D6CCD /* TokenService.swift */; };
		A48B650325F53FEA009D6CCD /* UserDefaultsTokenService.swift in Sources */ = {isa = PBXBuildFile; fileRef = A48B650225F53FEA009D6CCD /* UserDefaultsTokenService.swift */; };
		A48B650925F541B4009D6CCD /* AppConfig.swift in Sources */ = {isa = PBXBuildFile; fileRef = A48B650825F541B4009D6CCD /* AppConfig.swift */; };
		A48B650E25F55F33009D6CCD /* NetworkEngineMock.swift in Sources */ = {isa = PBXBuildFile; fileRef = A48B650D25F55F33009D6CCD /* NetworkEngineMock.swift */; };
		A48B658F25F6D897009D6CCD /* RoundedView.swift in Sources */ = {isa = PBXBuildFile; fileRef = A48B658E25F6D897009D6CCD /* RoundedView.swift */; };
		A48B659425F6DB0E009D6CCD /* BorderTextField.swift in Sources */ = {isa = PBXBuildFile; fileRef = A48B659325F6DB0E009D6CCD /* BorderTextField.swift */; };
		A48B659925F6E4C9009D6CCD /* RoundedButton.swift in Sources */ = {isa = PBXBuildFile; fileRef = A48B659825F6E4C9009D6CCD /* RoundedButton.swift */; };
		A495800F25E04C6500923B7F /* ErrorType.swift in Sources */ = {isa = PBXBuildFile; fileRef = A495800E25E04C6500923B7F /* ErrorType.swift */; };
		A495801425E051B400923B7F /* ApiErrorResponse.swift in Sources */ = {isa = PBXBuildFile; fileRef = A495801325E051B400923B7F /* ApiErrorResponse.swift */; };
		A4A3A37025FD1FAF000323CF /* WaveView.swift in Sources */ = {isa = PBXBuildFile; fileRef = A4A3A36F25FD1FAF000323CF /* WaveView.swift */; };
		A4A495A825DC50E800636B66 /* User.swift in Sources */ = {isa = PBXBuildFile; fileRef = A4A495A725DC50E800636B66 /* User.swift */; };
		A4A495BF25DC71C400636B66 /* MeResource.swift in Sources */ = {isa = PBXBuildFile; fileRef = A4A495BE25DC71C400636B66 /* MeResource.swift */; };
		A4A495C425DC71D300636B66 /* UserResponse.swift in Sources */ = {isa = PBXBuildFile; fileRef = A4A495C325DC71D300636B66 /* UserResponse.swift */; };
		A4FCAEB225DC8AE000C9849C /* LoginData.swift in Sources */ = {isa = PBXBuildFile; fileRef = A4FCAEB125DC8AE000C9849C /* LoginData.swift */; };
		A4FCAEB925DC8B4500C9849C /* LoginResource.swift in Sources */ = {isa = PBXBuildFile; fileRef = A4FCAEB825DC8B4500C9849C /* LoginResource.swift */; };
		A4FCAED325DDA7F500C9849C /* AppError.swift in Sources */ = {isa = PBXBuildFile; fileRef = A4FCAED225DDA7F500C9849C /* AppError.swift */; };
		C19F3017EB28778F203929CF /* Pods_EMSTrainerApp.framework in Frameworks */ = {isa = PBXBuildFile; fileRef = 1FBCCA814FA63F94E4881D9A /* Pods_EMSTrainerApp.framework */; };
		D94E86F12AC6B6820724ED54 /* Pods_EMSTrainerApp_EMSTrainerAppUITests.framework in Frameworks */ = {isa = PBXBuildFile; fileRef = 347DD9DE40E30F645A0E81AA /* Pods_EMSTrainerApp_EMSTrainerAppUITests.framework */; };
/* End PBXBuildFile section */

/* Begin PBXContainerItemProxy section */
		A45BAE0C25DC2C6D00F51D5E /* PBXContainerItemProxy */ = {
			isa = PBXContainerItemProxy;
			containerPortal = A45BADED25DC2C6B00F51D5E /* Project object */;
			proxyType = 1;
			remoteGlobalIDString = A45BADF425DC2C6B00F51D5E;
			remoteInfo = EMSTrainerApp;
		};
		A45BAE1725DC2C6D00F51D5E /* PBXContainerItemProxy */ = {
			isa = PBXContainerItemProxy;
			containerPortal = A45BADED25DC2C6B00F51D5E /* Project object */;
			proxyType = 1;
			remoteGlobalIDString = A45BADF425DC2C6B00F51D5E;
			remoteInfo = EMSTrainerApp;
		};
/* End PBXContainerItemProxy section */

/* Begin PBXFileReference section */
		0DC52599F908E9687880578C /* Pods_EMSTrainerAppTests.framework */ = {isa = PBXFileReference; explicitFileType = wrapper.framework; includeInIndex = 0; path = Pods_EMSTrainerAppTests.framework; sourceTree = BUILT_PRODUCTS_DIR; };
		1FBCCA814FA63F94E4881D9A /* Pods_EMSTrainerApp.framework */ = {isa = PBXFileReference; explicitFileType = wrapper.framework; includeInIndex = 0; path = Pods_EMSTrainerApp.framework; sourceTree = BUILT_PRODUCTS_DIR; };
		28FCCB2E1507F18869A5B990 /* Pods-EMSTrainerAppTests.debug.xcconfig */ = {isa = PBXFileReference; includeInIndex = 1; lastKnownFileType = text.xcconfig; name = "Pods-EMSTrainerAppTests.debug.xcconfig"; path = "Target Support Files/Pods-EMSTrainerAppTests/Pods-EMSTrainerAppTests.debug.xcconfig"; sourceTree = "<group>"; };
		347DD9DE40E30F645A0E81AA /* Pods_EMSTrainerApp_EMSTrainerAppUITests.framework */ = {isa = PBXFileReference; explicitFileType = wrapper.framework; includeInIndex = 0; path = Pods_EMSTrainerApp_EMSTrainerAppUITests.framework; sourceTree = BUILT_PRODUCTS_DIR; };
		3F13A48375935F1CDACC4024 /* Pods-EMSTrainerApp.debug.xcconfig */ = {isa = PBXFileReference; includeInIndex = 1; lastKnownFileType = text.xcconfig; name = "Pods-EMSTrainerApp.debug.xcconfig"; path = "Target Support Files/Pods-EMSTrainerApp/Pods-EMSTrainerApp.debug.xcconfig"; sourceTree = "<group>"; };
		8D652B352D4A608E1D5E6DD0 /* Pods-EMSTrainerAppTests.release.xcconfig */ = {isa = PBXFileReference; includeInIndex = 1; lastKnownFileType = text.xcconfig; name = "Pods-EMSTrainerAppTests.release.xcconfig"; path = "Target Support Files/Pods-EMSTrainerAppTests/Pods-EMSTrainerAppTests.release.xcconfig"; sourceTree = "<group>"; };
		A406E48725F533790044E284 /* UserDefaultsUserService.swift */ = {isa = PBXFileReference; lastKnownFileType = sourcecode.swift; path = UserDefaultsUserService.swift; sourceTree = "<group>"; };
		A406E49825F533AC0044E284 /* UserService.swift */ = {isa = PBXFileReference; lastKnownFileType = sourcecode.swift; path = UserService.swift; sourceTree = "<group>"; };
		A41C8F8825FFF7B600192BDD /* StatisticsView.swift */ = {isa = PBXFileReference; lastKnownFileType = sourcecode.swift; path = StatisticsView.swift; sourceTree = "<group>"; };
		A41C8F8D25FFF7C600192BDD /* StatisticsView.xib */ = {isa = PBXFileReference; lastKnownFileType = file.xib; path = StatisticsView.xib; sourceTree = "<group>"; };
		A41C8F9225FFFA2700192BDD /* CustomViewProtocol.swift */ = {isa = PBXFileReference; lastKnownFileType = sourcecode.swift; path = CustomViewProtocol.swift; sourceTree = "<group>"; };
		A41C8F972600060800192BDD /* AccountViewController.swift */ = {isa = PBXFileReference; lastKnownFileType = sourcecode.swift; path = AccountViewController.swift; sourceTree = "<group>"; };
		A41C8FAD260011B600192BDD /* WorkoutSetupViewController.swift */ = {isa = PBXFileReference; lastKnownFileType = sourcecode.swift; path = WorkoutSetupViewController.swift; sourceTree = "<group>"; };
		A41C8FB32600144900192BDD /* FinderProtocol.swift */ = {isa = PBXFileReference; lastKnownFileType = sourcecode.swift; path = FinderProtocol.swift; sourceTree = "<group>"; };
		A41C8FBC260014DE00192BDD /* FinderDelegate.swift */ = {isa = PBXFileReference; lastKnownFileType = sourcecode.swift; path = FinderDelegate.swift; sourceTree = "<group>"; };
		A41C8FC22600150B00192BDD /* MDNSFinder.swift */ = {isa = PBXFileReference; lastKnownFileType = sourcecode.swift; path = MDNSFinder.swift; sourceTree = "<group>"; };
		A41C8FCC2600208C00192BDD /* DeviceStatusResource.swift */ = {isa = PBXFileReference; lastKnownFileType = sourcecode.swift; path = DeviceStatusResource.swift; sourceTree = "<group>"; };
		A41C8FD1260020F600192BDD /* DeviceStatusResponse.swift */ = {isa = PBXFileReference; lastKnownFileType = sourcecode.swift; path = DeviceStatusResponse.swift; sourceTree = "<group>"; };
		A41C8FE1260026F200192BDD /* DeviceApiRequest.swift */ = {isa = PBXFileReference; lastKnownFileType = sourcecode.swift; path = DeviceApiRequest.swift; sourceTree = "<group>"; };
		A41C8FE62600270800192BDD /* DeviceApiResource.swift */ = {isa = PBXFileReference; lastKnownFileType = sourcecode.swift; path = DeviceApiResource.swift; sourceTree = "<group>"; };
		A41C8FEB260028A000192BDD /* DeviceApi.swift */ = {isa = PBXFileReference; lastKnownFileType = sourcecode.swift; path = DeviceApi.swift; sourceTree = "<group>"; };
		A41C8FF126002B9300192BDD /* DeviceHost.swift */ = {isa = PBXFileReference; lastKnownFileType = sourcecode.swift; path = DeviceHost.swift; sourceTree = "<group>"; };
		A41C8FF626002C5300192BDD /* EMSDeviceType.swift */ = {isa = PBXFileReference; lastKnownFileType = sourcecode.swift; path = EMSDeviceType.swift; sourceTree = "<group>"; };
		A41C8FFC2600A56C00192BDD /* TrainingModes.json */ = {isa = PBXFileReference; lastKnownFileType = text.json; path = TrainingModes.json; sourceTree = "<group>"; };
		A41C90042600A87600192BDD /* ChannelData.swift */ = {isa = PBXFileReference; lastKnownFileType = sourcecode.swift; path = ChannelData.swift; sourceTree = "<group>"; };
		A41C900A2600A8D100192BDD /* TrainingMode.swift */ = {isa = PBXFileReference; lastKnownFileType = sourcecode.swift; path = TrainingMode.swift; sourceTree = "<group>"; };
		A41C90102600A9D100192BDD /* WorkoutSetupViewModel.swift */ = {isa = PBXFileReference; lastKnownFileType = sourcecode.swift; path = WorkoutSetupViewModel.swift; sourceTree = "<group>"; };
		A41C90152600AA4500192BDD /* Bundle.swift */ = {isa = PBXFileReference; lastKnownFileType = sourcecode.swift; path = Bundle.swift; sourceTree = "<group>"; };
		A41C90232600F11700192BDD /* TrainingModeSelectorView.swift */ = {isa = PBXFileReference; lastKnownFileType = sourcecode.swift; path = TrainingModeSelectorView.swift; sourceTree = "<group>"; };
		A41C902B2600F14600192BDD /* TrainingModeSelectorView.xib */ = {isa = PBXFileReference; lastKnownFileType = file.xib; path = TrainingModeSelectorView.xib; sourceTree = "<group>"; };
		A41C90302600F7B000192BDD /* TrainingModeOptionView.swift */ = {isa = PBXFileReference; lastKnownFileType = sourcecode.swift; path = TrainingModeOptionView.swift; sourceTree = "<group>"; };
		A41C90352600F7BA00192BDD /* TrainingModeOptionView.xib */ = {isa = PBXFileReference; lastKnownFileType = file.xib; path = TrainingModeOptionView.xib; sourceTree = "<group>"; };
		A421544125F503210094C1CB /* AppCoordinator.swift */ = {isa = PBXFileReference; lastKnownFileType = sourcecode.swift; path = AppCoordinator.swift; sourceTree = "<group>"; };
		A421544B25F506850094C1CB /* AuthenticationCoordinator.swift */ = {isa = PBXFileReference; lastKnownFileType = sourcecode.swift; path = AuthenticationCoordinator.swift; sourceTree = "<group>"; };
		A421545525F514D70094C1CB /* Container.swift */ = {isa = PBXFileReference; lastKnownFileType = sourcecode.swift; path = Container.swift; sourceTree = "<group>"; };
		A421545A25F515630094C1CB /* StoryboardLodable.swift */ = {isa = PBXFileReference; lastKnownFileType = sourcecode.swift; path = StoryboardLodable.swift; sourceTree = "<group>"; };
		A421545F25F516710094C1CB /* Authentication.storyboard */ = {isa = PBXFileReference; lastKnownFileType = file.storyboard; path = Authentication.storyboard; sourceTree = "<group>"; };
		A421546525F516E40094C1CB /* LoginViewController.swift */ = {isa = PBXFileReference; lastKnownFileType = sourcecode.swift; path = LoginViewController.swift; sourceTree = "<group>"; };
		A421547225F51AB40094C1CB /* RegistrationViewController.swift */ = {isa = PBXFileReference; lastKnownFileType = sourcecode.swift; path = RegistrationViewController.swift; sourceTree = "<group>"; };
		A421547825F51F760094C1CB /* MainCoordinator.swift */ = {isa = PBXFileReference; lastKnownFileType = sourcecode.swift; path = MainCoordinator.swift; sourceTree = "<group>"; };
		A421547E25F520430094C1CB /* Main.storyboard */ = {isa = PBXFileReference; lastKnownFileType = file.storyboard; path = Main.storyboard; sourceTree = "<group>"; };
		A421548325F5206A0094C1CB /* DashboardViewController.swift */ = {isa = PBXFileReference; lastKnownFileType = sourcecode.swift; path = DashboardViewController.swift; sourceTree = "<group>"; };
		A421548925F522500094C1CB /* AuthenticationDelegate.swift */ = {isa = PBXFileReference; lastKnownFileType = sourcecode.swift; path = AuthenticationDelegate.swift; sourceTree = "<group>"; };
		A4335EBB260119D00098E79C /* DeviceRowCollectionViewCell.swift */ = {isa = PBXFileReference; lastKnownFileType = sourcecode.swift; path = DeviceRowCollectionViewCell.swift; sourceTree = "<group>"; };
		A4335EBC260119D00098E79C /* DeviceRowCollectionViewCell.xib */ = {isa = PBXFileReference; lastKnownFileType = file.xib; path = DeviceRowCollectionViewCell.xib; sourceTree = "<group>"; };
		A45BADF525DC2C6B00F51D5E /* EMSTrainerApp.app */ = {isa = PBXFileReference; explicitFileType = wrapper.application; includeInIndex = 0; path = EMSTrainerApp.app; sourceTree = BUILT_PRODUCTS_DIR; };
		A45BADF825DC2C6B00F51D5E /* AppDelegate.swift */ = {isa = PBXFileReference; lastKnownFileType = sourcecode.swift; path = AppDelegate.swift; sourceTree = "<group>"; };
		A45BADFA25DC2C6B00F51D5E /* SceneDelegate.swift */ = {isa = PBXFileReference; lastKnownFileType = sourcecode.swift; path = SceneDelegate.swift; sourceTree = "<group>"; };
		A45BADFC25DC2C6B00F51D5E /* ViewController.swift */ = {isa = PBXFileReference; lastKnownFileType = sourcecode.swift; path = ViewController.swift; sourceTree = "<group>"; };
		A45BADFF25DC2C6B00F51D5E /* Base */ = {isa = PBXFileReference; lastKnownFileType = file.storyboard; name = Base; path = Base.lproj/Main.storyboard; sourceTree = "<group>"; };
		A45BAE0125DC2C6D00F51D5E /* Assets.xcassets */ = {isa = PBXFileReference; lastKnownFileType = folder.assetcatalog; path = Assets.xcassets; sourceTree = "<group>"; };
		A45BAE0425DC2C6D00F51D5E /* Base */ = {isa = PBXFileReference; lastKnownFileType = file.storyboard; name = Base; path = Base.lproj/LaunchScreen.storyboard; sourceTree = "<group>"; };
		A45BAE0625DC2C6D00F51D5E /* Info.plist */ = {isa = PBXFileReference; lastKnownFileType = text.plist.xml; path = Info.plist; sourceTree = "<group>"; };
		A45BAE0B25DC2C6D00F51D5E /* EMSTrainerAppTests.xctest */ = {isa = PBXFileReference; explicitFileType = wrapper.cfbundle; includeInIndex = 0; path = EMSTrainerAppTests.xctest; sourceTree = BUILT_PRODUCTS_DIR; };
		A45BAE0F25DC2C6D00F51D5E /* EMSTrainerAppTests.swift */ = {isa = PBXFileReference; lastKnownFileType = sourcecode.swift; path = EMSTrainerAppTests.swift; sourceTree = "<group>"; };
		A45BAE1125DC2C6D00F51D5E /* Info.plist */ = {isa = PBXFileReference; lastKnownFileType = text.plist.xml; path = Info.plist; sourceTree = "<group>"; };
		A45BAE1625DC2C6D00F51D5E /* EMSTrainerAppUITests.xctest */ = {isa = PBXFileReference; explicitFileType = wrapper.cfbundle; includeInIndex = 0; path = EMSTrainerAppUITests.xctest; sourceTree = BUILT_PRODUCTS_DIR; };
		A45BAE1A25DC2C6D00F51D5E /* EMSTrainerAppUITests.swift */ = {isa = PBXFileReference; lastKnownFileType = sourcecode.swift; path = EMSTrainerAppUITests.swift; sourceTree = "<group>"; };
		A45BAE1C25DC2C6D00F51D5E /* Info.plist */ = {isa = PBXFileReference; lastKnownFileType = text.plist.xml; path = Info.plist; sourceTree = "<group>"; };
		A45BAE3825DC2DB600F51D5E /* Api.swift */ = {isa = PBXFileReference; lastKnownFileType = sourcecode.swift; path = Api.swift; sourceTree = "<group>"; };
		A45BAE4025DC35F400F51D5E /* NetworkRequest.swift */ = {isa = PBXFileReference; lastKnownFileType = sourcecode.swift; path = NetworkRequest.swift; sourceTree = "<group>"; };
		A45BAE4625DC3DF600F51D5E /* ApiRequest.swift */ = {isa = PBXFileReference; lastKnownFileType = sourcecode.swift; path = ApiRequest.swift; sourceTree = "<group>"; };
		A45BAE4B25DC3E1B00F51D5E /* ApiResource.swift */ = {isa = PBXFileReference; lastKnownFileType = sourcecode.swift; path = ApiResource.swift; sourceTree = "<group>"; };
		A45BAE5025DC3F4900F51D5E /* ApiResponse.swift */ = {isa = PBXFileReference; lastKnownFileType = sourcecode.swift; path = ApiResponse.swift; sourceTree = "<group>"; };
		A463379B25E07E53000B51F7 /* Auth.swift */ = {isa = PBXFileReference; lastKnownFileType = sourcecode.swift; path = Auth.swift; sourceTree = "<group>"; };
		A46337A725E087A4000B51F7 /* RegisterData.swift */ = {isa = PBXFileReference; lastKnownFileType = sourcecode.swift; path = RegisterData.swift; sourceTree = "<group>"; };
		A46337AC25E08811000B51F7 /* RegisterResource.swift */ = {isa = PBXFileReference; lastKnownFileType = sourcecode.swift; path = RegisterResource.swift; sourceTree = "<group>"; };
		A46337B125E08A58000B51F7 /* LogoutResource.swift */ = {isa = PBXFileReference; lastKnownFileType = sourcecode.swift; path = LogoutResource.swift; sourceTree = "<group>"; };
		A46337B625E08ADB000B51F7 /* EmptyResponse.swift */ = {isa = PBXFileReference; lastKnownFileType = sourcecode.swift; path = EmptyResponse.swift; sourceTree = "<group>"; };
		A46337BB25E113BD000B51F7 /* ApiRequestTests.swift */ = {isa = PBXFileReference; lastKnownFileType = sourcecode.swift; path = ApiRequestTests.swift; sourceTree = "<group>"; };
		A46337CD25E11563000B51F7 /* MockSession.swift */ = {isa = PBXFileReference; lastKnownFileType = sourcecode.swift; path = MockSession.swift; sourceTree = "<group>"; };
		A46337D225E115E3000B51F7 /* MockTask.swift */ = {isa = PBXFileReference; lastKnownFileType = sourcecode.swift; path = MockTask.swift; sourceTree = "<group>"; };
		A46337D725E12246000B51F7 /* NetworkEngine.swift */ = {isa = PBXFileReference; lastKnownFileType = sourcecode.swift; path = NetworkEngine.swift; sourceTree = "<group>"; };
		A477972025FFDD86006AF564 /* Router.swift */ = {isa = PBXFileReference; lastKnownFileType = sourcecode.swift; path = Router.swift; sourceTree = "<group>"; };
		A477972825FFDD9D006AF564 /* RouterProtocol.swift */ = {isa = PBXFileReference; lastKnownFileType = sourcecode.swift; path = RouterProtocol.swift; sourceTree = "<group>"; };
		A477972E25FFDE38006AF564 /* Presentable.swift */ = {isa = PBXFileReference; lastKnownFileType = sourcecode.swift; path = Presentable.swift; sourceTree = "<group>"; };
		A477973625FFDE64006AF564 /* UIViewController.swift */ = {isa = PBXFileReference; lastKnownFileType = sourcecode.swift; path = UIViewController.swift; sourceTree = "<group>"; };
		A47BB12E25E1B63B0065023F /* Coordinator.swift */ = {isa = PBXFileReference; lastKnownFileType = sourcecode.swift; path = Coordinator.swift; sourceTree = "<group>"; };
		A48B64D425F536E7009D6CCD /* AuthenticationService.swift */ = {isa = PBXFileReference; lastKnownFileType = sourcecode.swift; path = AuthenticationService.swift; sourceTree = "<group>"; };
		A48B64E825F53A43009D6CCD /* ApiService.swift */ = {isa = PBXFileReference; lastKnownFileType = sourcecode.swift; path = ApiService.swift; sourceTree = "<group>"; };
		A48B64FD25F53FB7009D6CCD /* TokenService.swift */ = {isa = PBXFileReference; lastKnownFileType = sourcecode.swift; path = TokenService.swift; sourceTree = "<group>"; };
		A48B650225F53FEA009D6CCD /* UserDefaultsTokenService.swift */ = {isa = PBXFileReference; lastKnownFileType = sourcecode.swift; path = UserDefaultsTokenService.swift; sourceTree = "<group>"; };
		A48B650825F541B4009D6CCD /* AppConfig.swift */ = {isa = PBXFileReference; lastKnownFileType = sourcecode.swift; path = AppConfig.swift; sourceTree = "<group>"; };
		A48B650D25F55F33009D6CCD /* NetworkEngineMock.swift */ = {isa = PBXFileReference; lastKnownFileType = sourcecode.swift; path = NetworkEngineMock.swift; sourceTree = "<group>"; };
		A48B658E25F6D897009D6CCD /* RoundedView.swift */ = {isa = PBXFileReference; lastKnownFileType = sourcecode.swift; path = RoundedView.swift; sourceTree = "<group>"; };
		A48B659325F6DB0E009D6CCD /* BorderTextField.swift */ = {isa = PBXFileReference; lastKnownFileType = sourcecode.swift; path = BorderTextField.swift; sourceTree = "<group>"; };
		A48B659825F6E4C9009D6CCD /* RoundedButton.swift */ = {isa = PBXFileReference; lastKnownFileType = sourcecode.swift; path = RoundedButton.swift; sourceTree = "<group>"; };
		A495800E25E04C6500923B7F /* ErrorType.swift */ = {isa = PBXFileReference; lastKnownFileType = sourcecode.swift; path = ErrorType.swift; sourceTree = "<group>"; };
		A495801325E051B400923B7F /* ApiErrorResponse.swift */ = {isa = PBXFileReference; lastKnownFileType = sourcecode.swift; path = ApiErrorResponse.swift; sourceTree = "<group>"; };
		A4A3A36F25FD1FAF000323CF /* WaveView.swift */ = {isa = PBXFileReference; lastKnownFileType = sourcecode.swift; path = WaveView.swift; sourceTree = "<group>"; };
		A4A495A725DC50E800636B66 /* User.swift */ = {isa = PBXFileReference; lastKnownFileType = sourcecode.swift; path = User.swift; sourceTree = "<group>"; };
		A4A495BE25DC71C400636B66 /* MeResource.swift */ = {isa = PBXFileReference; lastKnownFileType = sourcecode.swift; path = MeResource.swift; sourceTree = "<group>"; };
		A4A495C325DC71D300636B66 /* UserResponse.swift */ = {isa = PBXFileReference; lastKnownFileType = sourcecode.swift; path = UserResponse.swift; sourceTree = "<group>"; };
		A4FCAEB125DC8AE000C9849C /* LoginData.swift */ = {isa = PBXFileReference; lastKnownFileType = sourcecode.swift; path = LoginData.swift; sourceTree = "<group>"; };
		A4FCAEB825DC8B4500C9849C /* LoginResource.swift */ = {isa = PBXFileReference; lastKnownFileType = sourcecode.swift; path = LoginResource.swift; sourceTree = "<group>"; };
		A4FCAED225DDA7F500C9849C /* AppError.swift */ = {isa = PBXFileReference; lastKnownFileType = sourcecode.swift; path = AppError.swift; sourceTree = "<group>"; };
		B0FDE6691BE73DA21312E56B /* Pods-EMSTrainerApp-EMSTrainerAppUITests.release.xcconfig */ = {isa = PBXFileReference; includeInIndex = 1; lastKnownFileType = text.xcconfig; name = "Pods-EMSTrainerApp-EMSTrainerAppUITests.release.xcconfig"; path = "Target Support Files/Pods-EMSTrainerApp-EMSTrainerAppUITests/Pods-EMSTrainerApp-EMSTrainerAppUITests.release.xcconfig"; sourceTree = "<group>"; };
		D83029B10B6DFF10B4ACE1CB /* Pods-EMSTrainerApp-EMSTrainerAppUITests.debug.xcconfig */ = {isa = PBXFileReference; includeInIndex = 1; lastKnownFileType = text.xcconfig; name = "Pods-EMSTrainerApp-EMSTrainerAppUITests.debug.xcconfig"; path = "Target Support Files/Pods-EMSTrainerApp-EMSTrainerAppUITests/Pods-EMSTrainerApp-EMSTrainerAppUITests.debug.xcconfig"; sourceTree = "<group>"; };
		DD82450F6DE586D5FCD9F85F /* Pods-EMSTrainerApp.release.xcconfig */ = {isa = PBXFileReference; includeInIndex = 1; lastKnownFileType = text.xcconfig; name = "Pods-EMSTrainerApp.release.xcconfig"; path = "Target Support Files/Pods-EMSTrainerApp/Pods-EMSTrainerApp.release.xcconfig"; sourceTree = "<group>"; };
/* End PBXFileReference section */

/* Begin PBXFrameworksBuildPhase section */
		A45BADF225DC2C6B00F51D5E /* Frameworks */ = {
			isa = PBXFrameworksBuildPhase;
			buildActionMask = 2147483647;
			files = (
				C19F3017EB28778F203929CF /* Pods_EMSTrainerApp.framework in Frameworks */,
			);
			runOnlyForDeploymentPostprocessing = 0;
		};
		A45BAE0825DC2C6D00F51D5E /* Frameworks */ = {
			isa = PBXFrameworksBuildPhase;
			buildActionMask = 2147483647;
			files = (
				01D23F4F54F8232C7BCB9286 /* Pods_EMSTrainerAppTests.framework in Frameworks */,
			);
			runOnlyForDeploymentPostprocessing = 0;
		};
		A45BAE1325DC2C6D00F51D5E /* Frameworks */ = {
			isa = PBXFrameworksBuildPhase;
			buildActionMask = 2147483647;
			files = (
				D94E86F12AC6B6820724ED54 /* Pods_EMSTrainerApp_EMSTrainerAppUITests.framework in Frameworks */,
			);
			runOnlyForDeploymentPostprocessing = 0;
		};
/* End PBXFrameworksBuildPhase section */

/* Begin PBXGroup section */
		000BEC9CB27E905977E50F9C /* Frameworks */ = {
			isa = PBXGroup;
			children = (
				1FBCCA814FA63F94E4881D9A /* Pods_EMSTrainerApp.framework */,
				347DD9DE40E30F645A0E81AA /* Pods_EMSTrainerApp_EMSTrainerAppUITests.framework */,
				0DC52599F908E9687880578C /* Pods_EMSTrainerAppTests.framework */,
			);
			name = Frameworks;
			sourceTree = "<group>";
		};
		1B0526C7EB3CD62E842F6904 /* Pods */ = {
			isa = PBXGroup;
			children = (
				3F13A48375935F1CDACC4024 /* Pods-EMSTrainerApp.debug.xcconfig */,
				DD82450F6DE586D5FCD9F85F /* Pods-EMSTrainerApp.release.xcconfig */,
				D83029B10B6DFF10B4ACE1CB /* Pods-EMSTrainerApp-EMSTrainerAppUITests.debug.xcconfig */,
				B0FDE6691BE73DA21312E56B /* Pods-EMSTrainerApp-EMSTrainerAppUITests.release.xcconfig */,
				28FCCB2E1507F18869A5B990 /* Pods-EMSTrainerAppTests.debug.xcconfig */,
				8D652B352D4A608E1D5E6DD0 /* Pods-EMSTrainerAppTests.release.xcconfig */,
			);
			path = Pods;
			sourceTree = "<group>";
		};
		A406E49425F5339D0044E284 /* Protocols */ = {
			isa = PBXGroup;
			children = (
				A406E49825F533AC0044E284 /* UserService.swift */,
				A48B64FD25F53FB7009D6CCD /* TokenService.swift */,
			);
			path = Protocols;
			sourceTree = "<group>";
		};
		A41C8F8625FFF76400192BDD /* Dashboard */ = {
			isa = PBXGroup;
			children = (
				A41C8F8725FFF77600192BDD /* Statistics */,
			);
			path = Dashboard;
			sourceTree = "<group>";
		};
		A41C8F8725FFF77600192BDD /* Statistics */ = {
			isa = PBXGroup;
			children = (
				A41C8F8825FFF7B600192BDD /* StatisticsView.swift */,
				A41C8F8D25FFF7C600192BDD /* StatisticsView.xib */,
			);
			path = Statistics;
			sourceTree = "<group>";
		};
		A41C8FB22600135600192BDD /* Network */ = {
			isa = PBXGroup;
			children = (
				A41C8FC1260014FA00192BDD /* Finder */,
				A41C8FBB260014A200192BDD /* Protocols */,
			);
			path = Network;
			sourceTree = "<group>";
		};
		A41C8FBB260014A200192BDD /* Protocols */ = {
			isa = PBXGroup;
			children = (
				A41C8FB32600144900192BDD /* FinderProtocol.swift */,
				A41C8FBC260014DE00192BDD /* FinderDelegate.swift */,
			);
			path = Protocols;
			sourceTree = "<group>";
		};
		A41C8FC1260014FA00192BDD /* Finder */ = {
			isa = PBXGroup;
			children = (
				A41C8FC22600150B00192BDD /* MDNSFinder.swift */,
			);
			path = Finder;
			sourceTree = "<group>";
		};
		A41C8FF026002B7800192BDD /* EMS */ = {
			isa = PBXGroup;
			children = (
				A41C8FF126002B9300192BDD /* DeviceHost.swift */,
				A41C8FF626002C5300192BDD /* EMSDeviceType.swift */,
				A41C90042600A87600192BDD /* ChannelData.swift */,
			);
			path = EMS;
			sourceTree = "<group>";
		};
		A41C8FFB2600A4D100192BDD /* Data */ = {
			isa = PBXGroup;
			children = (
				A41C8FFC2600A56C00192BDD /* TrainingModes.json */,
			);
			path = Data;
			sourceTree = "<group>";
		};
		A41C90092600A8C400192BDD /* Training */ = {
			isa = PBXGroup;
			children = (
				A41C900A2600A8D100192BDD /* TrainingMode.swift */,
			);
			path = Training;
			sourceTree = "<group>";
		};
		A41C900F2600A9B000192BDD /* ViewModels */ = {
			isa = PBXGroup;
			children = (
				A41C90102600A9D100192BDD /* WorkoutSetupViewModel.swift */,
			);
			path = ViewModels;
			sourceTree = "<group>";
		};
		A41C901A2600F0DD00192BDD /* WorkoutSetup */ = {
			isa = PBXGroup;
			children = (
				A41C90232600F11700192BDD /* TrainingModeSelectorView.swift */,
				A41C902B2600F14600192BDD /* TrainingModeSelectorView.xib */,
				A41C90302600F7B000192BDD /* TrainingModeOptionView.swift */,
				A41C90352600F7BA00192BDD /* TrainingModeOptionView.xib */,
			);
			path = WorkoutSetup;
			sourceTree = "<group>";
		};
		A421544025F502D10094C1CB /* Extensions */ = {
			isa = PBXGroup;
			children = (
				A421545525F514D70094C1CB /* Container.swift */,
				A421545A25F515630094C1CB /* StoryboardLodable.swift */,
				A477973625FFDE64006AF564 /* UIViewController.swift */,
				A41C90152600AA4500192BDD /* Bundle.swift */,
			);
			path = Extensions;
			sourceTree = "<group>";
		};
		A421544925F5062C0094C1CB /* Authentication */ = {
			isa = PBXGroup;
			children = (
				A421544A25F506490094C1CB /* Coordinators */,
				A421546425F516CA0094C1CB /* ViewControllers */,
				A421545F25F516710094C1CB /* Authentication.storyboard */,
			);
			path = Authentication;
			sourceTree = "<group>";
		};
		A421544A25F506490094C1CB /* Coordinators */ = {
			isa = PBXGroup;
			children = (
				A421544B25F506850094C1CB /* AuthenticationCoordinator.swift */,
			);
			path = Coordinators;
			sourceTree = "<group>";
		};
		A421546425F516CA0094C1CB /* ViewControllers */ = {
			isa = PBXGroup;
			children = (
				A421546525F516E40094C1CB /* LoginViewController.swift */,
				A421547225F51AB40094C1CB /* RegistrationViewController.swift */,
			);
			path = ViewControllers;
			sourceTree = "<group>";
		};
		A421547725F51F680094C1CB /* Coordinators */ = {
			isa = PBXGroup;
			children = (
				A421547825F51F760094C1CB /* MainCoordinator.swift */,
			);
			path = Coordinators;
			sourceTree = "<group>";
		};
		A421547D25F520340094C1CB /* ViewControllers */ = {
			isa = PBXGroup;
			children = (
				A421548325F5206A0094C1CB /* DashboardViewController.swift */,
				A41C8F972600060800192BDD /* AccountViewController.swift */,
				A41C8FAD260011B600192BDD /* WorkoutSetupViewController.swift */,
			);
			path = ViewControllers;
			sourceTree = "<group>";
		};
		A4335EB026010C8B0098E79C /* DeviceRow */ = {
			isa = PBXGroup;
			children = (
				A4335EBB260119D00098E79C /* DeviceRowCollectionViewCell.swift */,
				A4335EBC260119D00098E79C /* DeviceRowCollectionViewCell.xib */,
			);
			path = DeviceRow;
			sourceTree = "<group>";
		};
		A45BADEC25DC2C6B00F51D5E = {
			isa = PBXGroup;
			children = (
				A45BADF725DC2C6B00F51D5E /* EMSTrainerApp */,
				A45BAE0E25DC2C6D00F51D5E /* EMSTrainerAppTests */,
				A45BAE1925DC2C6D00F51D5E /* EMSTrainerAppUITests */,
				A45BADF625DC2C6B00F51D5E /* Products */,
				1B0526C7EB3CD62E842F6904 /* Pods */,
				000BEC9CB27E905977E50F9C /* Frameworks */,
			);
			sourceTree = "<group>";
		};
		A45BADF625DC2C6B00F51D5E /* Products */ = {
			isa = PBXGroup;
			children = (
				A45BADF525DC2C6B00F51D5E /* EMSTrainerApp.app */,
				A45BAE0B25DC2C6D00F51D5E /* EMSTrainerAppTests.xctest */,
				A45BAE1625DC2C6D00F51D5E /* EMSTrainerAppUITests.xctest */,
			);
			name = Products;
			sourceTree = "<group>";
		};
		A45BADF725DC2C6B00F51D5E /* EMSTrainerApp */ = {
			isa = PBXGroup;
			children = (
				A41C8FFB2600A4D100192BDD /* Data */,
				A45BAE3525DC2D5600F51D5E /* Core */,
				A45BAE3625DC2D6500F51D5E /* Pages */,
				A48B658C25F6D877009D6CCD /* Views */,
				A45BAE2E25DC2C7700F51D5E /* Supporting Files */,
			);
			path = EMSTrainerApp;
			sourceTree = "<group>";
		};
		A45BAE0E25DC2C6D00F51D5E /* EMSTrainerAppTests */ = {
			isa = PBXGroup;
			children = (
				A46337C025E1150E000B51F7 /* Api */,
				A46337BB25E113BD000B51F7 /* ApiRequestTests.swift */,
				A45BAE0F25DC2C6D00F51D5E /* EMSTrainerAppTests.swift */,
				A45BAE1125DC2C6D00F51D5E /* Info.plist */,
			);
			path = EMSTrainerAppTests;
			sourceTree = "<group>";
		};
		A45BAE1925DC2C6D00F51D5E /* EMSTrainerAppUITests */ = {
			isa = PBXGroup;
			children = (
				A45BAE1A25DC2C6D00F51D5E /* EMSTrainerAppUITests.swift */,
				A45BAE1C25DC2C6D00F51D5E /* Info.plist */,
			);
			path = EMSTrainerAppUITests;
			sourceTree = "<group>";
		};
		A45BAE2E25DC2C7700F51D5E /* Supporting Files */ = {
			isa = PBXGroup;
			children = (
				A45BADF825DC2C6B00F51D5E /* AppDelegate.swift */,
				A45BADFA25DC2C6B00F51D5E /* SceneDelegate.swift */,
				A45BADFC25DC2C6B00F51D5E /* ViewController.swift */,
				A45BADFE25DC2C6B00F51D5E /* Main.storyboard */,
				A45BAE0125DC2C6D00F51D5E /* Assets.xcassets */,
				A45BAE0325DC2C6D00F51D5E /* LaunchScreen.storyboard */,
				A45BAE0625DC2C6D00F51D5E /* Info.plist */,
			);
			path = "Supporting Files";
			sourceTree = "<group>";
		};
		A45BAE3525DC2D5600F51D5E /* Core */ = {
			isa = PBXGroup;
			children = (
				A463379A25E07E45000B51F7 /* Auth */,
				A45BAE3725DC2DA000F51D5E /* Api */,
				A48B650725F5419D009D6CCD /* Config */,
				A47BB12D25E1B6250065023F /* Coordinator */,
				A4FCAED125DDA5C700C9849C /* ErrorHandling */,
				A421544025F502D10094C1CB /* Extensions */,
				A41C8FB22600135600192BDD /* Network */,
				A4A495A625DC50D500636B66 /* Models */,
				A477971F25FFDD75006AF564 /* Router */,
				A46337A025E083DE000B51F7 /* Services */,
			);
			path = Core;
			sourceTree = "<group>";
		};
		A45BAE3625DC2D6500F51D5E /* Pages */ = {
			isa = PBXGroup;
			children = (
				A421544925F5062C0094C1CB /* Authentication */,
				A47BB12B25E1B31C0065023F /* Main */,
			);
			path = Pages;
			sourceTree = "<group>";
		};
		A45BAE3725DC2DA000F51D5E /* Api */ = {
			isa = PBXGroup;
			children = (
				A48B64D925F53A1A009D6CCD /* Protocols */,
				A4A495BD25DC719800636B66 /* Requests */,
				A4A495BC25DC718A00636B66 /* Responses */,
				A4A495BB25DC714000636B66 /* Resources */,
				A45BAE3825DC2DB600F51D5E /* Api.swift */,
				A41C8FEB260028A000192BDD /* DeviceApi.swift */,
			);
			path = Api;
			sourceTree = "<group>";
		};
		A463379A25E07E45000B51F7 /* Auth */ = {
			isa = PBXGroup;
			children = (
				A48B64D325F53681009D6CCD /* Protocols */,
				A463379B25E07E53000B51F7 /* Auth.swift */,
			);
			path = Auth;
			sourceTree = "<group>";
		};
		A46337A025E083DE000B51F7 /* Services */ = {
			isa = PBXGroup;
			children = (
				A406E49425F5339D0044E284 /* Protocols */,
				A406E48725F533790044E284 /* UserDefaultsUserService.swift */,
				A48B650225F53FEA009D6CCD /* UserDefaultsTokenService.swift */,
			);
			path = Services;
			sourceTree = "<group>";
		};
		A46337C025E1150E000B51F7 /* Api */ = {
			isa = PBXGroup;
			children = (
				A46337C125E11536000B51F7 /* Network */,
			);
			path = Api;
			sourceTree = "<group>";
		};
		A46337C125E11536000B51F7 /* Network */ = {
			isa = PBXGroup;
			children = (
				A46337CD25E11563000B51F7 /* MockSession.swift */,
				A46337D225E115E3000B51F7 /* MockTask.swift */,
				A48B650D25F55F33009D6CCD /* NetworkEngineMock.swift */,
			);
			path = Network;
			sourceTree = "<group>";
		};
		A477971F25FFDD75006AF564 /* Router */ = {
			isa = PBXGroup;
			children = (
				A477972025FFDD86006AF564 /* Router.swift */,
				A477972825FFDD9D006AF564 /* RouterProtocol.swift */,
				A477972E25FFDE38006AF564 /* Presentable.swift */,
			);
			path = Router;
			sourceTree = "<group>";
		};
		A47BB12B25E1B31C0065023F /* Main */ = {
			isa = PBXGroup;
			children = (
				A421547725F51F680094C1CB /* Coordinators */,
				A421547D25F520340094C1CB /* ViewControllers */,
				A41C900F2600A9B000192BDD /* ViewModels */,
				A421547E25F520430094C1CB /* Main.storyboard */,
			);
			path = Main;
			sourceTree = "<group>";
		};
		A47BB12D25E1B6250065023F /* Coordinator */ = {
			isa = PBXGroup;
			children = (
				A47BB12E25E1B63B0065023F /* Coordinator.swift */,
				A421544125F503210094C1CB /* AppCoordinator.swift */,
			);
			path = Coordinator;
			sourceTree = "<group>";
		};
		A48B64D325F53681009D6CCD /* Protocols */ = {
			isa = PBXGroup;
			children = (
				A421548925F522500094C1CB /* AuthenticationDelegate.swift */,
				A48B64D425F536E7009D6CCD /* AuthenticationService.swift */,
			);
			path = Protocols;
			sourceTree = "<group>";
		};
		A48B64D925F53A1A009D6CCD /* Protocols */ = {
			isa = PBXGroup;
			children = (
				A48B64E825F53A43009D6CCD /* ApiService.swift */,
			);
			path = Protocols;
			sourceTree = "<group>";
		};
		A48B650725F5419D009D6CCD /* Config */ = {
			isa = PBXGroup;
			children = (
				A48B650825F541B4009D6CCD /* AppConfig.swift */,
			);
			path = Config;
			sourceTree = "<group>";
		};
		A48B658C25F6D877009D6CCD /* Views */ = {
			isa = PBXGroup;
			children = (
				A41C901A2600F0DD00192BDD /* WorkoutSetup */,
				A41C8F8625FFF76400192BDD /* Dashboard */,
				A48B658D25F6D87F009D6CCD /* Shared */,
				A41C8F9225FFFA2700192BDD /* CustomViewProtocol.swift */,
			);
			path = Views;
			sourceTree = "<group>";
		};
		A48B658D25F6D87F009D6CCD /* Shared */ = {
			isa = PBXGroup;
			children = (
				A4335EB026010C8B0098E79C /* DeviceRow */,
				A48B658E25F6D897009D6CCD /* RoundedView.swift */,
				A48B659325F6DB0E009D6CCD /* BorderTextField.swift */,
				A48B659825F6E4C9009D6CCD /* RoundedButton.swift */,
				A4A3A36F25FD1FAF000323CF /* WaveView.swift */,
			);
			path = Shared;
			sourceTree = "<group>";
		};
		A4A495A625DC50D500636B66 /* Models */ = {
			isa = PBXGroup;
			children = (
				A41C90092600A8C400192BDD /* Training */,
				A41C8FF026002B7800192BDD /* EMS */,
				A4FCAEB025DC8ACE00C9849C /* RequestData */,
				A4A495A725DC50E800636B66 /* User.swift */,
			);
			path = Models;
			sourceTree = "<group>";
		};
		A4A495BB25DC714000636B66 /* Resources */ = {
			isa = PBXGroup;
			children = (
				A45BAE4B25DC3E1B00F51D5E /* ApiResource.swift */,
				A41C8FE62600270800192BDD /* DeviceApiResource.swift */,
				A4FCAEB625DC8B2300C9849C /* Get */,
				A4FCAEB725DC8B3700C9849C /* Post */,
			);
			path = Resources;
			sourceTree = "<group>";
		};
		A4A495BC25DC718A00636B66 /* Responses */ = {
			isa = PBXGroup;
			children = (
				A45BAE5025DC3F4900F51D5E /* ApiResponse.swift */,
				A4A495C325DC71D300636B66 /* UserResponse.swift */,
				A495801325E051B400923B7F /* ApiErrorResponse.swift */,
				A46337B625E08ADB000B51F7 /* EmptyResponse.swift */,
				A41C8FD1260020F600192BDD /* DeviceStatusResponse.swift */,
			);
			path = Responses;
			sourceTree = "<group>";
		};
		A4A495BD25DC719800636B66 /* Requests */ = {
			isa = PBXGroup;
			children = (
				A45BAE4025DC35F400F51D5E /* NetworkRequest.swift */,
				A45BAE4625DC3DF600F51D5E /* ApiRequest.swift */,
				A46337D725E12246000B51F7 /* NetworkEngine.swift */,
				A41C8FE1260026F200192BDD /* DeviceApiRequest.swift */,
			);
			path = Requests;
			sourceTree = "<group>";
		};
		A4FCAEB025DC8ACE00C9849C /* RequestData */ = {
			isa = PBXGroup;
			children = (
				A4FCAEB125DC8AE000C9849C /* LoginData.swift */,
				A46337A725E087A4000B51F7 /* RegisterData.swift */,
			);
			path = RequestData;
			sourceTree = "<group>";
		};
		A4FCAEB625DC8B2300C9849C /* Get */ = {
			isa = PBXGroup;
			children = (
				A4A495BE25DC71C400636B66 /* MeResource.swift */,
				A46337B125E08A58000B51F7 /* LogoutResource.swift */,
				A41C8FCC2600208C00192BDD /* DeviceStatusResource.swift */,
			);
			path = Get;
			sourceTree = "<group>";
		};
		A4FCAEB725DC8B3700C9849C /* Post */ = {
			isa = PBXGroup;
			children = (
				A4FCAEB825DC8B4500C9849C /* LoginResource.swift */,
				A46337AC25E08811000B51F7 /* RegisterResource.swift */,
			);
			path = Post;
			sourceTree = "<group>";
		};
		A4FCAED125DDA5C700C9849C /* ErrorHandling */ = {
			isa = PBXGroup;
			children = (
				A4FCAED225DDA7F500C9849C /* AppError.swift */,
				A495800E25E04C6500923B7F /* ErrorType.swift */,
			);
			path = ErrorHandling;
			sourceTree = "<group>";
		};
/* End PBXGroup section */

/* Begin PBXNativeTarget section */
		A45BADF425DC2C6B00F51D5E /* EMSTrainerApp */ = {
			isa = PBXNativeTarget;
			buildConfigurationList = A45BAE1F25DC2C6D00F51D5E /* Build configuration list for PBXNativeTarget "EMSTrainerApp" */;
			buildPhases = (
				9DCB8BBAF9B4E9FF3E44063E /* [CP] Check Pods Manifest.lock */,
				A45BADF125DC2C6B00F51D5E /* Sources */,
				A45BADF225DC2C6B00F51D5E /* Frameworks */,
				A45BADF325DC2C6B00F51D5E /* Resources */,
				5C63D1CEB5DB0FACB1252BED /* [CP] Embed Pods Frameworks */,
			);
			buildRules = (
			);
			dependencies = (
			);
			name = EMSTrainerApp;
			productName = EMSTrainerApp;
			productReference = A45BADF525DC2C6B00F51D5E /* EMSTrainerApp.app */;
			productType = "com.apple.product-type.application";
		};
		A45BAE0A25DC2C6D00F51D5E /* EMSTrainerAppTests */ = {
			isa = PBXNativeTarget;
			buildConfigurationList = A45BAE2225DC2C6D00F51D5E /* Build configuration list for PBXNativeTarget "EMSTrainerAppTests" */;
			buildPhases = (
				4741980F03E0B6D18511792F /* [CP] Check Pods Manifest.lock */,
				A45BAE0725DC2C6D00F51D5E /* Sources */,
				A45BAE0825DC2C6D00F51D5E /* Frameworks */,
				A45BAE0925DC2C6D00F51D5E /* Resources */,
			);
			buildRules = (
			);
			dependencies = (
				A45BAE0D25DC2C6D00F51D5E /* PBXTargetDependency */,
			);
			name = EMSTrainerAppTests;
			productName = EMSTrainerAppTests;
			productReference = A45BAE0B25DC2C6D00F51D5E /* EMSTrainerAppTests.xctest */;
			productType = "com.apple.product-type.bundle.unit-test";
		};
		A45BAE1525DC2C6D00F51D5E /* EMSTrainerAppUITests */ = {
			isa = PBXNativeTarget;
			buildConfigurationList = A45BAE2525DC2C6D00F51D5E /* Build configuration list for PBXNativeTarget "EMSTrainerAppUITests" */;
			buildPhases = (
				FA8AD9A2913A856BAA7C0A3F /* [CP] Check Pods Manifest.lock */,
				A45BAE1225DC2C6D00F51D5E /* Sources */,
				A45BAE1325DC2C6D00F51D5E /* Frameworks */,
				A45BAE1425DC2C6D00F51D5E /* Resources */,
				7DD228C9B7E1A20D71069043 /* [CP] Embed Pods Frameworks */,
			);
			buildRules = (
			);
			dependencies = (
				A45BAE1825DC2C6D00F51D5E /* PBXTargetDependency */,
			);
			name = EMSTrainerAppUITests;
			productName = EMSTrainerAppUITests;
			productReference = A45BAE1625DC2C6D00F51D5E /* EMSTrainerAppUITests.xctest */;
			productType = "com.apple.product-type.bundle.ui-testing";
		};
/* End PBXNativeTarget section */

/* Begin PBXProject section */
		A45BADED25DC2C6B00F51D5E /* Project object */ = {
			isa = PBXProject;
			attributes = {
				LastSwiftUpdateCheck = 1240;
				LastUpgradeCheck = 1240;
				TargetAttributes = {
					A45BADF425DC2C6B00F51D5E = {
						CreatedOnToolsVersion = 12.4;
					};
					A45BAE0A25DC2C6D00F51D5E = {
						CreatedOnToolsVersion = 12.4;
						TestTargetID = A45BADF425DC2C6B00F51D5E;
					};
					A45BAE1525DC2C6D00F51D5E = {
						CreatedOnToolsVersion = 12.4;
						TestTargetID = A45BADF425DC2C6B00F51D5E;
					};
				};
			};
			buildConfigurationList = A45BADF025DC2C6B00F51D5E /* Build configuration list for PBXProject "EMSTrainerApp" */;
			compatibilityVersion = "Xcode 9.3";
			developmentRegion = en;
			hasScannedForEncodings = 0;
			knownRegions = (
				en,
				Base,
			);
			mainGroup = A45BADEC25DC2C6B00F51D5E;
			productRefGroup = A45BADF625DC2C6B00F51D5E /* Products */;
			projectDirPath = "";
			projectRoot = "";
			targets = (
				A45BADF425DC2C6B00F51D5E /* EMSTrainerApp */,
				A45BAE0A25DC2C6D00F51D5E /* EMSTrainerAppTests */,
				A45BAE1525DC2C6D00F51D5E /* EMSTrainerAppUITests */,
			);
		};
/* End PBXProject section */

/* Begin PBXResourcesBuildPhase section */
		A45BADF325DC2C6B00F51D5E /* Resources */ = {
			isa = PBXResourcesBuildPhase;
			buildActionMask = 2147483647;
			files = (
				A421546025F516710094C1CB /* Authentication.storyboard in Resources */,
				A421547F25F520430094C1CB /* Main.storyboard in Resources */,
				A41C902C2600F14600192BDD /* TrainingModeSelectorView.xib in Resources */,
				A41C90362600F7BA00192BDD /* TrainingModeOptionView.xib in Resources */,
				A4335EBE260119D00098E79C /* DeviceRowCollectionViewCell.xib in Resources */,
				A41C8FFD2600A56C00192BDD /* TrainingModes.json in Resources */,
				A45BAE0525DC2C6D00F51D5E /* LaunchScreen.storyboard in Resources */,
				A41C8F8E25FFF7C600192BDD /* StatisticsView.xib in Resources */,
				A45BAE0225DC2C6D00F51D5E /* Assets.xcassets in Resources */,
				A45BAE0025DC2C6B00F51D5E /* Main.storyboard in Resources */,
			);
			runOnlyForDeploymentPostprocessing = 0;
		};
		A45BAE0925DC2C6D00F51D5E /* Resources */ = {
			isa = PBXResourcesBuildPhase;
			buildActionMask = 2147483647;
			files = (
			);
			runOnlyForDeploymentPostprocessing = 0;
		};
		A45BAE1425DC2C6D00F51D5E /* Resources */ = {
			isa = PBXResourcesBuildPhase;
			buildActionMask = 2147483647;
			files = (
			);
			runOnlyForDeploymentPostprocessing = 0;
		};
/* End PBXResourcesBuildPhase section */

/* Begin PBXShellScriptBuildPhase section */
		4741980F03E0B6D18511792F /* [CP] Check Pods Manifest.lock */ = {
			isa = PBXShellScriptBuildPhase;
			buildActionMask = 2147483647;
			files = (
			);
			inputFileListPaths = (
			);
			inputPaths = (
				"${PODS_PODFILE_DIR_PATH}/Podfile.lock",
				"${PODS_ROOT}/Manifest.lock",
			);
			name = "[CP] Check Pods Manifest.lock";
			outputFileListPaths = (
			);
			outputPaths = (
				"$(DERIVED_FILE_DIR)/Pods-EMSTrainerAppTests-checkManifestLockResult.txt",
			);
			runOnlyForDeploymentPostprocessing = 0;
			shellPath = /bin/sh;
			shellScript = "diff \"${PODS_PODFILE_DIR_PATH}/Podfile.lock\" \"${PODS_ROOT}/Manifest.lock\" > /dev/null\nif [ $? != 0 ] ; then\n    # print error to STDERR\n    echo \"error: The sandbox is not in sync with the Podfile.lock. Run 'pod install' or update your CocoaPods installation.\" >&2\n    exit 1\nfi\n# This output is used by Xcode 'outputs' to avoid re-running this script phase.\necho \"SUCCESS\" > \"${SCRIPT_OUTPUT_FILE_0}\"\n";
			showEnvVarsInLog = 0;
		};
		5C63D1CEB5DB0FACB1252BED /* [CP] Embed Pods Frameworks */ = {
			isa = PBXShellScriptBuildPhase;
			buildActionMask = 2147483647;
			files = (
			);
			inputFileListPaths = (
				"${PODS_ROOT}/Target Support Files/Pods-EMSTrainerApp/Pods-EMSTrainerApp-frameworks-${CONFIGURATION}-input-files.xcfilelist",
			);
			name = "[CP] Embed Pods Frameworks";
			outputFileListPaths = (
				"${PODS_ROOT}/Target Support Files/Pods-EMSTrainerApp/Pods-EMSTrainerApp-frameworks-${CONFIGURATION}-output-files.xcfilelist",
			);
			runOnlyForDeploymentPostprocessing = 0;
			shellPath = /bin/sh;
			shellScript = "\"${PODS_ROOT}/Target Support Files/Pods-EMSTrainerApp/Pods-EMSTrainerApp-frameworks.sh\"\n";
			showEnvVarsInLog = 0;
		};
		7DD228C9B7E1A20D71069043 /* [CP] Embed Pods Frameworks */ = {
			isa = PBXShellScriptBuildPhase;
			buildActionMask = 2147483647;
			files = (
			);
			inputFileListPaths = (
				"${PODS_ROOT}/Target Support Files/Pods-EMSTrainerApp-EMSTrainerAppUITests/Pods-EMSTrainerApp-EMSTrainerAppUITests-frameworks-${CONFIGURATION}-input-files.xcfilelist",
			);
			name = "[CP] Embed Pods Frameworks";
			outputFileListPaths = (
				"${PODS_ROOT}/Target Support Files/Pods-EMSTrainerApp-EMSTrainerAppUITests/Pods-EMSTrainerApp-EMSTrainerAppUITests-frameworks-${CONFIGURATION}-output-files.xcfilelist",
			);
			runOnlyForDeploymentPostprocessing = 0;
			shellPath = /bin/sh;
			shellScript = "\"${PODS_ROOT}/Target Support Files/Pods-EMSTrainerApp-EMSTrainerAppUITests/Pods-EMSTrainerApp-EMSTrainerAppUITests-frameworks.sh\"\n";
			showEnvVarsInLog = 0;
		};
		9DCB8BBAF9B4E9FF3E44063E /* [CP] Check Pods Manifest.lock */ = {
			isa = PBXShellScriptBuildPhase;
			buildActionMask = 2147483647;
			files = (
			);
			inputFileListPaths = (
			);
			inputPaths = (
				"${PODS_PODFILE_DIR_PATH}/Podfile.lock",
				"${PODS_ROOT}/Manifest.lock",
			);
			name = "[CP] Check Pods Manifest.lock";
			outputFileListPaths = (
			);
			outputPaths = (
				"$(DERIVED_FILE_DIR)/Pods-EMSTrainerApp-checkManifestLockResult.txt",
			);
			runOnlyForDeploymentPostprocessing = 0;
			shellPath = /bin/sh;
			shellScript = "diff \"${PODS_PODFILE_DIR_PATH}/Podfile.lock\" \"${PODS_ROOT}/Manifest.lock\" > /dev/null\nif [ $? != 0 ] ; then\n    # print error to STDERR\n    echo \"error: The sandbox is not in sync with the Podfile.lock. Run 'pod install' or update your CocoaPods installation.\" >&2\n    exit 1\nfi\n# This output is used by Xcode 'outputs' to avoid re-running this script phase.\necho \"SUCCESS\" > \"${SCRIPT_OUTPUT_FILE_0}\"\n";
			showEnvVarsInLog = 0;
		};
		FA8AD9A2913A856BAA7C0A3F /* [CP] Check Pods Manifest.lock */ = {
			isa = PBXShellScriptBuildPhase;
			buildActionMask = 2147483647;
			files = (
			);
			inputFileListPaths = (
			);
			inputPaths = (
				"${PODS_PODFILE_DIR_PATH}/Podfile.lock",
				"${PODS_ROOT}/Manifest.lock",
			);
			name = "[CP] Check Pods Manifest.lock";
			outputFileListPaths = (
			);
			outputPaths = (
				"$(DERIVED_FILE_DIR)/Pods-EMSTrainerApp-EMSTrainerAppUITests-checkManifestLockResult.txt",
			);
			runOnlyForDeploymentPostprocessing = 0;
			shellPath = /bin/sh;
			shellScript = "diff \"${PODS_PODFILE_DIR_PATH}/Podfile.lock\" \"${PODS_ROOT}/Manifest.lock\" > /dev/null\nif [ $? != 0 ] ; then\n    # print error to STDERR\n    echo \"error: The sandbox is not in sync with the Podfile.lock. Run 'pod install' or update your CocoaPods installation.\" >&2\n    exit 1\nfi\n# This output is used by Xcode 'outputs' to avoid re-running this script phase.\necho \"SUCCESS\" > \"${SCRIPT_OUTPUT_FILE_0}\"\n";
			showEnvVarsInLog = 0;
		};
/* End PBXShellScriptBuildPhase section */

/* Begin PBXSourcesBuildPhase section */
		A45BADF125DC2C6B00F51D5E /* Sources */ = {
			isa = PBXSourcesBuildPhase;
			buildActionMask = 2147483647;
			files = (
				A4335EBD260119D00098E79C /* DeviceRowCollectionViewCell.swift in Sources */,
				A48B64FE25F53FB7009D6CCD /* TokenService.swift in Sources */,
				A4FCAEB925DC8B4500C9849C /* LoginResource.swift in Sources */,
				A45BAE4C25DC3E1B00F51D5E /* ApiResource.swift in Sources */,
				A421544225F503210094C1CB /* AppCoordinator.swift in Sources */,
				A45BADFD25DC2C6B00F51D5E /* ViewController.swift in Sources */,
				A41C8FEC260028A000192BDD /* DeviceApi.swift in Sources */,
				A41C8FB42600144900192BDD /* FinderProtocol.swift in Sources */,
				A477972925FFDD9D006AF564 /* RouterProtocol.swift in Sources */,
				A421548A25F522500094C1CB /* AuthenticationDelegate.swift in Sources */,
				A421546625F516E40094C1CB /* LoginViewController.swift in Sources */,
				A41C8FC32600150B00192BDD /* MDNSFinder.swift in Sources */,
				A41C900B2600A8D100192BDD /* TrainingMode.swift in Sources */,
				A41C90052600A87600192BDD /* ChannelData.swift in Sources */,
				A45BADF925DC2C6B00F51D5E /* AppDelegate.swift in Sources */,
				A41C90112600A9D100192BDD /* WorkoutSetupViewModel.swift in Sources */,
				A48B658F25F6D897009D6CCD /* RoundedView.swift in Sources */,
				A495801425E051B400923B7F /* ApiErrorResponse.swift in Sources */,
				A4A3A37025FD1FAF000323CF /* WaveView.swift in Sources */,
				A46337AD25E08811000B51F7 /* RegisterResource.swift in Sources */,
				A477973725FFDE65006AF564 /* UIViewController.swift in Sources */,
				A45BAE4725DC3DF600F51D5E /* ApiRequest.swift in Sources */,
				A41C8FE2260026F200192BDD /* DeviceApiRequest.swift in Sources */,
				A47BB12F25E1B63B0065023F /* Coordinator.swift in Sources */,
				A45BAE3925DC2DB600F51D5E /* Api.swift in Sources */,
				A463379C25E07E53000B51F7 /* Auth.swift in Sources */,
				A495800F25E04C6500923B7F /* ErrorType.swift in Sources */,
				A48B64E925F53A43009D6CCD /* ApiService.swift in Sources */,
				A46337B225E08A58000B51F7 /* LogoutResource.swift in Sources */,
				A4FCAED325DDA7F500C9849C /* AppError.swift in Sources */,
				A4FCAEB225DC8AE000C9849C /* LoginData.swift in Sources */,
				A477972125FFDD86006AF564 /* Router.swift in Sources */,
				A41C8FF726002C5300192BDD /* EMSDeviceType.swift in Sources */,
				A406E48825F533790044E284 /* UserDefaultsUserService.swift in Sources */,
				A421545625F514D70094C1CB /* Container.swift in Sources */,
				A41C8F982600060800192BDD /* AccountViewController.swift in Sources */,
				A477972F25FFDE38006AF564 /* Presentable.swift in Sources */,
				A46337A825E087A4000B51F7 /* RegisterData.swift in Sources */,
				A406E49925F533AC0044E284 /* UserService.swift in Sources */,
				A41C8FCD2600208C00192BDD /* DeviceStatusResource.swift in Sources */,
				A41C90242600F11700192BDD /* TrainingModeSelectorView.swift in Sources */,
				A4A495A825DC50E800636B66 /* User.swift in Sources */,
				A48B659925F6E4C9009D6CCD /* RoundedButton.swift in Sources */,
				A46337D825E12246000B51F7 /* NetworkEngine.swift in Sources */,
				A46337B725E08ADB000B51F7 /* EmptyResponse.swift in Sources */,
				A41C8FE72600270800192BDD /* DeviceApiResource.swift in Sources */,
				A421544C25F506850094C1CB /* AuthenticationCoordinator.swift in Sources */,
				A421545B25F515630094C1CB /* StoryboardLodable.swift in Sources */,
				A41C8FAE260011B600192BDD /* WorkoutSetupViewController.swift in Sources */,
				A41C90312600F7B000192BDD /* TrainingModeOptionView.swift in Sources */,
				A421547325F51AB40094C1CB /* RegistrationViewController.swift in Sources */,
				A48B659425F6DB0E009D6CCD /* BorderTextField.swift in Sources */,
				A41C8FF226002B9300192BDD /* DeviceHost.swift in Sources */,
				A41C8FBD260014DE00192BDD /* FinderDelegate.swift in Sources */,
				A41C8F8925FFF7B600192BDD /* StatisticsView.swift in Sources */,
				A45BAE5125DC3F4900F51D5E /* ApiResponse.swift in Sources */,
				A41C90162600AA4500192BDD /* Bundle.swift in Sources */,
				A48B650325F53FEA009D6CCD /* UserDefaultsTokenService.swift in Sources */,
				A45BADFB25DC2C6B00F51D5E /* SceneDelegate.swift in Sources */,
				A41C8F9325FFFA2700192BDD /* CustomViewProtocol.swift in Sources */,
				A421547925F51F760094C1CB /* MainCoordinator.swift in Sources */,
				A45BAE4125DC35F400F51D5E /* NetworkRequest.swift in Sources */,
				A4A495BF25DC71C400636B66 /* MeResource.swift in Sources */,
				A4A495C425DC71D300636B66 /* UserResponse.swift in Sources */,
				A41C8FD2260020F600192BDD /* DeviceStatusResponse.swift in Sources */,
				A48B650925F541B4009D6CCD /* AppConfig.swift in Sources */,
				A421548425F5206A0094C1CB /* DashboardViewController.swift in Sources */,
				A48B64D525F536E7009D6CCD /* AuthenticationService.swift in Sources */,
			);
			runOnlyForDeploymentPostprocessing = 0;
		};
		A45BAE0725DC2C6D00F51D5E /* Sources */ = {
			isa = PBXSourcesBuildPhase;
			buildActionMask = 2147483647;
			files = (
				A46337CE25E11563000B51F7 /* MockSession.swift in Sources */,
				A48B650E25F55F33009D6CCD /* NetworkEngineMock.swift in Sources */,
				A46337BC25E113BE000B51F7 /* ApiRequestTests.swift in Sources */,
				A46337D325E115E3000B51F7 /* MockTask.swift in Sources */,
				A45BAE1025DC2C6D00F51D5E /* EMSTrainerAppTests.swift in Sources */,
			);
			runOnlyForDeploymentPostprocessing = 0;
		};
		A45BAE1225DC2C6D00F51D5E /* Sources */ = {
			isa = PBXSourcesBuildPhase;
			buildActionMask = 2147483647;
			files = (
				A45BAE1B25DC2C6D00F51D5E /* EMSTrainerAppUITests.swift in Sources */,
			);
			runOnlyForDeploymentPostprocessing = 0;
		};
/* End PBXSourcesBuildPhase section */

/* Begin PBXTargetDependency section */
		A45BAE0D25DC2C6D00F51D5E /* PBXTargetDependency */ = {
			isa = PBXTargetDependency;
			target = A45BADF425DC2C6B00F51D5E /* EMSTrainerApp */;
			targetProxy = A45BAE0C25DC2C6D00F51D5E /* PBXContainerItemProxy */;
		};
		A45BAE1825DC2C6D00F51D5E /* PBXTargetDependency */ = {
			isa = PBXTargetDependency;
			target = A45BADF425DC2C6B00F51D5E /* EMSTrainerApp */;
			targetProxy = A45BAE1725DC2C6D00F51D5E /* PBXContainerItemProxy */;
		};
/* End PBXTargetDependency section */

/* Begin PBXVariantGroup section */
		A45BADFE25DC2C6B00F51D5E /* Main.storyboard */ = {
			isa = PBXVariantGroup;
			children = (
				A45BADFF25DC2C6B00F51D5E /* Base */,
			);
			name = Main.storyboard;
			sourceTree = "<group>";
		};
		A45BAE0325DC2C6D00F51D5E /* LaunchScreen.storyboard */ = {
			isa = PBXVariantGroup;
			children = (
				A45BAE0425DC2C6D00F51D5E /* Base */,
			);
			name = LaunchScreen.storyboard;
			sourceTree = "<group>";
		};
/* End PBXVariantGroup section */

/* Begin XCBuildConfiguration section */
		A45BAE1D25DC2C6D00F51D5E /* Debug */ = {
			isa = XCBuildConfiguration;
			buildSettings = {
				ALWAYS_SEARCH_USER_PATHS = NO;
				CLANG_ANALYZER_NONNULL = YES;
				CLANG_ANALYZER_NUMBER_OBJECT_CONVERSION = YES_AGGRESSIVE;
				CLANG_CXX_LANGUAGE_STANDARD = "gnu++14";
				CLANG_CXX_LIBRARY = "libc++";
				CLANG_ENABLE_MODULES = YES;
				CLANG_ENABLE_OBJC_ARC = YES;
				CLANG_ENABLE_OBJC_WEAK = YES;
				CLANG_WARN_BLOCK_CAPTURE_AUTORELEASING = YES;
				CLANG_WARN_BOOL_CONVERSION = YES;
				CLANG_WARN_COMMA = YES;
				CLANG_WARN_CONSTANT_CONVERSION = YES;
				CLANG_WARN_DEPRECATED_OBJC_IMPLEMENTATIONS = YES;
				CLANG_WARN_DIRECT_OBJC_ISA_USAGE = YES_ERROR;
				CLANG_WARN_DOCUMENTATION_COMMENTS = YES;
				CLANG_WARN_EMPTY_BODY = YES;
				CLANG_WARN_ENUM_CONVERSION = YES;
				CLANG_WARN_INFINITE_RECURSION = YES;
				CLANG_WARN_INT_CONVERSION = YES;
				CLANG_WARN_NON_LITERAL_NULL_CONVERSION = YES;
				CLANG_WARN_OBJC_IMPLICIT_RETAIN_SELF = YES;
				CLANG_WARN_OBJC_LITERAL_CONVERSION = YES;
				CLANG_WARN_OBJC_ROOT_CLASS = YES_ERROR;
				CLANG_WARN_QUOTED_INCLUDE_IN_FRAMEWORK_HEADER = YES;
				CLANG_WARN_RANGE_LOOP_ANALYSIS = YES;
				CLANG_WARN_STRICT_PROTOTYPES = YES;
				CLANG_WARN_SUSPICIOUS_MOVE = YES;
				CLANG_WARN_UNGUARDED_AVAILABILITY = YES_AGGRESSIVE;
				CLANG_WARN_UNREACHABLE_CODE = YES;
				CLANG_WARN__DUPLICATE_METHOD_MATCH = YES;
				COPY_PHASE_STRIP = NO;
				DEBUG_INFORMATION_FORMAT = dwarf;
				ENABLE_STRICT_OBJC_MSGSEND = YES;
				ENABLE_TESTABILITY = YES;
				GCC_C_LANGUAGE_STANDARD = gnu11;
				GCC_DYNAMIC_NO_PIC = NO;
				GCC_NO_COMMON_BLOCKS = YES;
				GCC_OPTIMIZATION_LEVEL = 0;
				GCC_PREPROCESSOR_DEFINITIONS = (
					"DEBUG=1",
					"$(inherited)",
				);
				GCC_WARN_64_TO_32_BIT_CONVERSION = YES;
				GCC_WARN_ABOUT_RETURN_TYPE = YES_ERROR;
				GCC_WARN_UNDECLARED_SELECTOR = YES;
				GCC_WARN_UNINITIALIZED_AUTOS = YES_AGGRESSIVE;
				GCC_WARN_UNUSED_FUNCTION = YES;
				GCC_WARN_UNUSED_VARIABLE = YES;
				IPHONEOS_DEPLOYMENT_TARGET = 14.4;
				MTL_ENABLE_DEBUG_INFO = INCLUDE_SOURCE;
				MTL_FAST_MATH = YES;
				ONLY_ACTIVE_ARCH = YES;
				SDKROOT = iphoneos;
				SWIFT_ACTIVE_COMPILATION_CONDITIONS = DEBUG;
				SWIFT_OPTIMIZATION_LEVEL = "-Onone";
			};
			name = Debug;
		};
		A45BAE1E25DC2C6D00F51D5E /* Release */ = {
			isa = XCBuildConfiguration;
			buildSettings = {
				ALWAYS_SEARCH_USER_PATHS = NO;
				CLANG_ANALYZER_NONNULL = YES;
				CLANG_ANALYZER_NUMBER_OBJECT_CONVERSION = YES_AGGRESSIVE;
				CLANG_CXX_LANGUAGE_STANDARD = "gnu++14";
				CLANG_CXX_LIBRARY = "libc++";
				CLANG_ENABLE_MODULES = YES;
				CLANG_ENABLE_OBJC_ARC = YES;
				CLANG_ENABLE_OBJC_WEAK = YES;
				CLANG_WARN_BLOCK_CAPTURE_AUTORELEASING = YES;
				CLANG_WARN_BOOL_CONVERSION = YES;
				CLANG_WARN_COMMA = YES;
				CLANG_WARN_CONSTANT_CONVERSION = YES;
				CLANG_WARN_DEPRECATED_OBJC_IMPLEMENTATIONS = YES;
				CLANG_WARN_DIRECT_OBJC_ISA_USAGE = YES_ERROR;
				CLANG_WARN_DOCUMENTATION_COMMENTS = YES;
				CLANG_WARN_EMPTY_BODY = YES;
				CLANG_WARN_ENUM_CONVERSION = YES;
				CLANG_WARN_INFINITE_RECURSION = YES;
				CLANG_WARN_INT_CONVERSION = YES;
				CLANG_WARN_NON_LITERAL_NULL_CONVERSION = YES;
				CLANG_WARN_OBJC_IMPLICIT_RETAIN_SELF = YES;
				CLANG_WARN_OBJC_LITERAL_CONVERSION = YES;
				CLANG_WARN_OBJC_ROOT_CLASS = YES_ERROR;
				CLANG_WARN_QUOTED_INCLUDE_IN_FRAMEWORK_HEADER = YES;
				CLANG_WARN_RANGE_LOOP_ANALYSIS = YES;
				CLANG_WARN_STRICT_PROTOTYPES = YES;
				CLANG_WARN_SUSPICIOUS_MOVE = YES;
				CLANG_WARN_UNGUARDED_AVAILABILITY = YES_AGGRESSIVE;
				CLANG_WARN_UNREACHABLE_CODE = YES;
				CLANG_WARN__DUPLICATE_METHOD_MATCH = YES;
				COPY_PHASE_STRIP = NO;
				DEBUG_INFORMATION_FORMAT = "dwarf-with-dsym";
				ENABLE_NS_ASSERTIONS = NO;
				ENABLE_STRICT_OBJC_MSGSEND = YES;
				GCC_C_LANGUAGE_STANDARD = gnu11;
				GCC_NO_COMMON_BLOCKS = YES;
				GCC_WARN_64_TO_32_BIT_CONVERSION = YES;
				GCC_WARN_ABOUT_RETURN_TYPE = YES_ERROR;
				GCC_WARN_UNDECLARED_SELECTOR = YES;
				GCC_WARN_UNINITIALIZED_AUTOS = YES_AGGRESSIVE;
				GCC_WARN_UNUSED_FUNCTION = YES;
				GCC_WARN_UNUSED_VARIABLE = YES;
				IPHONEOS_DEPLOYMENT_TARGET = 14.4;
				MTL_ENABLE_DEBUG_INFO = NO;
				MTL_FAST_MATH = YES;
				SDKROOT = iphoneos;
				SWIFT_COMPILATION_MODE = wholemodule;
				SWIFT_OPTIMIZATION_LEVEL = "-O";
				VALIDATE_PRODUCT = YES;
			};
			name = Release;
		};
		A45BAE2025DC2C6D00F51D5E /* Debug */ = {
			isa = XCBuildConfiguration;
			baseConfigurationReference = 3F13A48375935F1CDACC4024 /* Pods-EMSTrainerApp.debug.xcconfig */;
			buildSettings = {
				ASSETCATALOG_COMPILER_APPICON_NAME = AppIcon;
				ASSETCATALOG_COMPILER_GLOBAL_ACCENT_COLOR_NAME = AccentColor;
				CODE_SIGN_STYLE = Automatic;
				CURRENT_PROJECT_VERSION = 1;
				DEVELOPMENT_TEAM = QPW35WEPP7;
				INFOPLIST_FILE = "EMSTrainerApp/Supporting Files/Info.plist";
				LD_RUNPATH_SEARCH_PATHS = (
					"$(inherited)",
					"@executable_path/Frameworks",
				);
				MARKETING_VERSION = 1.0.0;
				PRODUCT_BUNDLE_IDENTIFIER = com.eclickmobile.EMSTrainerApp;
				PRODUCT_NAME = "$(TARGET_NAME)";
				SWIFT_VERSION = 5.0;
				TARGETED_DEVICE_FAMILY = 1;
			};
			name = Debug;
		};
		A45BAE2125DC2C6D00F51D5E /* Release */ = {
			isa = XCBuildConfiguration;
			baseConfigurationReference = DD82450F6DE586D5FCD9F85F /* Pods-EMSTrainerApp.release.xcconfig */;
			buildSettings = {
				ASSETCATALOG_COMPILER_APPICON_NAME = AppIcon;
				ASSETCATALOG_COMPILER_GLOBAL_ACCENT_COLOR_NAME = AccentColor;
				CODE_SIGN_STYLE = Automatic;
				CURRENT_PROJECT_VERSION = 1;
				DEVELOPMENT_TEAM = QPW35WEPP7;
				INFOPLIST_FILE = "EMSTrainerApp/Supporting Files/Info.plist";
				LD_RUNPATH_SEARCH_PATHS = (
					"$(inherited)",
					"@executable_path/Frameworks",
				);
				MARKETING_VERSION = 1.0.0;
				PRODUCT_BUNDLE_IDENTIFIER = com.eclickmobile.EMSTrainerApp;
				PRODUCT_NAME = "$(TARGET_NAME)";
				SWIFT_VERSION = 5.0;
				TARGETED_DEVICE_FAMILY = 1;
			};
			name = Release;
		};
		A45BAE2325DC2C6D00F51D5E /* Debug */ = {
			isa = XCBuildConfiguration;
			baseConfigurationReference = 28FCCB2E1507F18869A5B990 /* Pods-EMSTrainerAppTests.debug.xcconfig */;
			buildSettings = {
				ALWAYS_EMBED_SWIFT_STANDARD_LIBRARIES = YES;
				BUNDLE_LOADER = "$(TEST_HOST)";
				CODE_SIGN_STYLE = Automatic;
				DEVELOPMENT_TEAM = QPW35WEPP7;
				INFOPLIST_FILE = EMSTrainerAppTests/Info.plist;
				IPHONEOS_DEPLOYMENT_TARGET = 14.4;
				LD_RUNPATH_SEARCH_PATHS = (
					"$(inherited)",
					"@executable_path/Frameworks",
					"@loader_path/Frameworks",
				);
				PRODUCT_BUNDLE_IDENTIFIER = com.eclickmobile.EMSTrainerAppTests;
				PRODUCT_NAME = "$(TARGET_NAME)";
				SWIFT_VERSION = 5.0;
				TARGETED_DEVICE_FAMILY = "1,2";
				TEST_HOST = "$(BUILT_PRODUCTS_DIR)/EMSTrainerApp.app/EMSTrainerApp";
			};
			name = Debug;
		};
		A45BAE2425DC2C6D00F51D5E /* Release */ = {
			isa = XCBuildConfiguration;
			baseConfigurationReference = 8D652B352D4A608E1D5E6DD0 /* Pods-EMSTrainerAppTests.release.xcconfig */;
			buildSettings = {
				ALWAYS_EMBED_SWIFT_STANDARD_LIBRARIES = YES;
				BUNDLE_LOADER = "$(TEST_HOST)";
				CODE_SIGN_STYLE = Automatic;
				DEVELOPMENT_TEAM = QPW35WEPP7;
				INFOPLIST_FILE = EMSTrainerAppTests/Info.plist;
				IPHONEOS_DEPLOYMENT_TARGET = 14.4;
				LD_RUNPATH_SEARCH_PATHS = (
					"$(inherited)",
					"@executable_path/Frameworks",
					"@loader_path/Frameworks",
				);
				PRODUCT_BUNDLE_IDENTIFIER = com.eclickmobile.EMSTrainerAppTests;
				PRODUCT_NAME = "$(TARGET_NAME)";
				SWIFT_VERSION = 5.0;
				TARGETED_DEVICE_FAMILY = "1,2";
				TEST_HOST = "$(BUILT_PRODUCTS_DIR)/EMSTrainerApp.app/EMSTrainerApp";
			};
			name = Release;
		};
		A45BAE2625DC2C6D00F51D5E /* Debug */ = {
			isa = XCBuildConfiguration;
			baseConfigurationReference = D83029B10B6DFF10B4ACE1CB /* Pods-EMSTrainerApp-EMSTrainerAppUITests.debug.xcconfig */;
			buildSettings = {
				ALWAYS_EMBED_SWIFT_STANDARD_LIBRARIES = YES;
				CODE_SIGN_STYLE = Automatic;
				DEVELOPMENT_TEAM = QPW35WEPP7;
				INFOPLIST_FILE = EMSTrainerAppUITests/Info.plist;
				LD_RUNPATH_SEARCH_PATHS = (
					"$(inherited)",
					"@executable_path/Frameworks",
					"@loader_path/Frameworks",
				);
				PRODUCT_BUNDLE_IDENTIFIER = com.eclickmobile.EMSTrainerAppUITests;
				PRODUCT_NAME = "$(TARGET_NAME)";
				SWIFT_VERSION = 5.0;
				TARGETED_DEVICE_FAMILY = "1,2";
				TEST_TARGET_NAME = EMSTrainerApp;
			};
			name = Debug;
		};
		A45BAE2725DC2C6D00F51D5E /* Release */ = {
			isa = XCBuildConfiguration;
			baseConfigurationReference = B0FDE6691BE73DA21312E56B /* Pods-EMSTrainerApp-EMSTrainerAppUITests.release.xcconfig */;
			buildSettings = {
				ALWAYS_EMBED_SWIFT_STANDARD_LIBRARIES = YES;
				CODE_SIGN_STYLE = Automatic;
				DEVELOPMENT_TEAM = QPW35WEPP7;
				INFOPLIST_FILE = EMSTrainerAppUITests/Info.plist;
				LD_RUNPATH_SEARCH_PATHS = (
					"$(inherited)",
					"@executable_path/Frameworks",
					"@loader_path/Frameworks",
				);
				PRODUCT_BUNDLE_IDENTIFIER = com.eclickmobile.EMSTrainerAppUITests;
				PRODUCT_NAME = "$(TARGET_NAME)";
				SWIFT_VERSION = 5.0;
				TARGETED_DEVICE_FAMILY = "1,2";
				TEST_TARGET_NAME = EMSTrainerApp;
			};
			name = Release;
		};
/* End XCBuildConfiguration section */

/* Begin XCConfigurationList section */
		A45BADF025DC2C6B00F51D5E /* Build configuration list for PBXProject "EMSTrainerApp" */ = {
			isa = XCConfigurationList;
			buildConfigurations = (
				A45BAE1D25DC2C6D00F51D5E /* Debug */,
				A45BAE1E25DC2C6D00F51D5E /* Release */,
			);
			defaultConfigurationIsVisible = 0;
			defaultConfigurationName = Release;
		};
		A45BAE1F25DC2C6D00F51D5E /* Build configuration list for PBXNativeTarget "EMSTrainerApp" */ = {
			isa = XCConfigurationList;
			buildConfigurations = (
				A45BAE2025DC2C6D00F51D5E /* Debug */,
				A45BAE2125DC2C6D00F51D5E /* Release */,
			);
			defaultConfigurationIsVisible = 0;
			defaultConfigurationName = Release;
		};
		A45BAE2225DC2C6D00F51D5E /* Build configuration list for PBXNativeTarget "EMSTrainerAppTests" */ = {
			isa = XCConfigurationList;
			buildConfigurations = (
				A45BAE2325DC2C6D00F51D5E /* Debug */,
				A45BAE2425DC2C6D00F51D5E /* Release */,
			);
			defaultConfigurationIsVisible = 0;
			defaultConfigurationName = Release;
		};
		A45BAE2525DC2C6D00F51D5E /* Build configuration list for PBXNativeTarget "EMSTrainerAppUITests" */ = {
			isa = XCConfigurationList;
			buildConfigurations = (
				A45BAE2625DC2C6D00F51D5E /* Debug */,
				A45BAE2725DC2C6D00F51D5E /* Release */,
			);
			defaultConfigurationIsVisible = 0;
			defaultConfigurationName = Release;
		};
/* End XCConfigurationList section */
	};
	rootObject = A45BADED25DC2C6B00F51D5E /* Project object */;
}
